// !$*UTF8*$!
{
	archiveVersion = 1;
	classes = {
	};
	objectVersion = 46;
	objects = {

/* Begin PBXBuildFile section */
		0004B77F1C9D31BE00CC705D /* LayerChangeUtil.cpp in Sources */ = {isa = PBXBuildFile; fileRef = 0004B7601C9D31BD00CC705D /* LayerChangeUtil.cpp */; };
		0004B7801C9D31BE00CC705D /* LevelMsgLayer.cpp in Sources */ = {isa = PBXBuildFile; fileRef = 0004B7641C9D31BD00CC705D /* LevelMsgLayer.cpp */; };
		0004B7811C9D31BE00CC705D /* XMLParser.cpp in Sources */ = {isa = PBXBuildFile; fileRef = 0004B7661C9D31BD00CC705D /* XMLParser.cpp */; };
		0004B7821C9D31BE00CC705D /* Chinese.cpp in Sources */ = {isa = PBXBuildFile; fileRef = 0004B7671C9D31BD00CC705D /* Chinese.cpp */; };
		0004B7831C9D31BE00CC705D /* Star.cpp in Sources */ = {isa = PBXBuildFile; fileRef = 0004B7681C9D31BD00CC705D /* Star.cpp */; };
		0004B7841C9D31BE00CC705D /* FloatWord.cpp in Sources */ = {isa = PBXBuildFile; fileRef = 0004B76C1C9D31BD00CC705D /* FloatWord.cpp */; };
		0004B7851C9D31BE00CC705D /* GameData.cpp in Sources */ = {isa = PBXBuildFile; fileRef = 0004B7701C9D31BD00CC705D /* GameData.cpp */; };
		0004B7861C9D31BE00CC705D /* StarParticle.cpp in Sources */ = {isa = PBXBuildFile; fileRef = 0004B7721C9D31BD00CC705D /* StarParticle.cpp */; };
		0004B7871C9D31BE00CC705D /* ComboEffect.cpp in Sources */ = {isa = PBXBuildFile; fileRef = 0004B7731C9D31BD00CC705D /* ComboEffect.cpp */; };
		0004B7881C9D31BE00CC705D /* StarMatrix.cpp in Sources */ = {isa = PBXBuildFile; fileRef = 0004B7751C9D31BD00CC705D /* StarMatrix.cpp */; };
		0004B7891C9D31BE00CC705D /* Audio.cpp in Sources */ = {isa = PBXBuildFile; fileRef = 0004B7761C9D31BD00CC705D /* Audio.cpp */; };
		0004B78A1C9D31BE00CC705D /* GameScene.cpp in Sources */ = {isa = PBXBuildFile; fileRef = 0004B7781C9D31BD00CC705D /* GameScene.cpp */; };
		0004B78B1C9D31BE00CC705D /* MenuScene.cpp in Sources */ = {isa = PBXBuildFile; fileRef = 0004B7791C9D31BD00CC705D /* MenuScene.cpp */; };
		0004B78C1C9D31BE00CC705D /* MenuLayer.cpp in Sources */ = {isa = PBXBuildFile; fileRef = 0004B77B1C9D31BD00CC705D /* MenuLayer.cpp */; };
		0004B78D1C9D31BE00CC705D /* TopMenu.cpp in Sources */ = {isa = PBXBuildFile; fileRef = 0004B77C1C9D31BD00CC705D /* TopMenu.cpp */; };
		0004B78E1C9D31BE00CC705D /* GameLayer.cpp in Sources */ = {isa = PBXBuildFile; fileRef = 0004B77D1C9D31BD00CC705D /* GameLayer.cpp */; };
		0004B7DC1C9D31D200CC705D /* music.ogg in Resources */ = {isa = PBXBuildFile; fileRef = 0004B78F1C9D31D200CC705D /* music.ogg */; };
		0004B7DD1C9D31D200CC705D /* star.png in Resources */ = {isa = PBXBuildFile; fileRef = 0004B7901C9D31D200CC705D /* star.png */; };
		0004B7DE1C9D31D200CC705D /* sound_on.png in Resources */ = {isa = PBXBuildFile; fileRef = 0004B7911C9D31D200CC705D /* sound_on.png */; };
		0004B7DF1C9D31D200CC705D /* menu_continue2.png in Resources */ = {isa = PBXBuildFile; fileRef = 0004B7921C9D31D200CC705D /* menu_continue2.png */; };
		0004B7E01C9D31D200CC705D /* menu_money.png in Resources */ = {isa = PBXBuildFile; fileRef = 0004B7931C9D31D200CC705D /* menu_money.png */; };
		0004B7E11C9D31D200CC705D /* menu_lingjiang.png in Resources */ = {isa = PBXBuildFile; fileRef = 0004B7941C9D31D200CC705D /* menu_lingjiang.png */; };
		0004B7E21C9D31D200CC705D /* click_1.png in Resources */ = {isa = PBXBuildFile; fileRef = 0004B7951C9D31D200CC705D /* click_1.png */; };
		0004B7E31C9D31D200CC705D /* menu_about.png in Resources */ = {isa = PBXBuildFile; fileRef = 0004B7961C9D31D200CC705D /* menu_about.png */; };
		0004B7E41C9D31D200CC705D /* bg_mainscene.jpg in Resources */ = {isa = PBXBuildFile; fileRef = 0004B7971C9D31D200CC705D /* bg_mainscene.jpg */; };
		0004B7E51C9D31D200CC705D /* bg_menuscene_yj.png in Resources */ = {isa = PBXBuildFile; fileRef = 0004B7981C9D31D200CC705D /* bg_menuscene_yj.png */; };
		0004B7E61C9D31D200CC705D /* bg_menuscene_zx.png in Resources */ = {isa = PBXBuildFile; fileRef = 0004B7991C9D31D200CC705D /* bg_menuscene_zx.png */; };
		0004B7E71C9D31D200CC705D /* bg_menuscene_zx2014.png in Resources */ = {isa = PBXBuildFile; fileRef = 0004B79A1C9D31D200CC705D /* bg_menuscene_zx2014.png */; };
		0004B7E81C9D31D200CC705D /* bg_menuscene.jpg in Resources */ = {isa = PBXBuildFile; fileRef = 0004B79B1C9D31D200CC705D /* bg_menuscene.jpg */; };
		0004B7E91C9D31D200CC705D /* blue_heart.png in Resources */ = {isa = PBXBuildFile; fileRef = 0004B79C1C9D31D200CC705D /* blue_heart.png */; };
		0004B7EA1C9D31D200CC705D /* coin_add.png in Resources */ = {isa = PBXBuildFile; fileRef = 0004B79D1C9D31D200CC705D /* coin_add.png */; };
		0004B7EB1C9D31D200CC705D /* combo_1.png in Resources */ = {isa = PBXBuildFile; fileRef = 0004B79E1C9D31D200CC705D /* combo_1.png */; };
		0004B7EC1C9D31D200CC705D /* combo_2.png in Resources */ = {isa = PBXBuildFile; fileRef = 0004B79F1C9D31D200CC705D /* combo_2.png */; };
		0004B7ED1C9D31D200CC705D /* combo_3.png in Resources */ = {isa = PBXBuildFile; fileRef = 0004B7A01C9D31D200CC705D /* combo_3.png */; };
		0004B7EE1C9D31D200CC705D /* Dialog_bg.png in Resources */ = {isa = PBXBuildFile; fileRef = 0004B7A11C9D31D200CC705D /* Dialog_bg.png */; };
		0004B7EF1C9D31D200CC705D /* Dialog_bg2.png in Resources */ = {isa = PBXBuildFile; fileRef = 0004B7A21C9D31D200CC705D /* Dialog_bg2.png */; };
		0004B7F01C9D31D200CC705D /* Dialog_Item.png in Resources */ = {isa = PBXBuildFile; fileRef = 0004B7A31C9D31D200CC705D /* Dialog_Item.png */; };
		0004B7F11C9D31D200CC705D /* Dialog_Item2.png in Resources */ = {isa = PBXBuildFile; fileRef = 0004B7A41C9D31D200CC705D /* Dialog_Item2.png */; };
		0004B7F21C9D31D200CC705D /* Dialog_Title.png in Resources */ = {isa = PBXBuildFile; fileRef = 0004B7A51C9D31D200CC705D /* Dialog_Title.png */; };
		0004B7F31C9D31D200CC705D /* diamond.png in Resources */ = {isa = PBXBuildFile; fileRef = 0004B7A61C9D31D200CC705D /* diamond.png */; };
		0004B7F41C9D31D200CC705D /* feedata.xml in Resources */ = {isa = PBXBuildFile; fileRef = 0004B7A71C9D31D200CC705D /* feedata.xml */; };
		0004B7F51C9D31D200CC705D /* fireworks.png in Resources */ = {isa = PBXBuildFile; fileRef = 0004B7A81C9D31D200CC705D /* fireworks.png */; };
		0004B7F61C9D31D200CC705D /* GameOver.png in Resources */ = {isa = PBXBuildFile; fileRef = 0004B7A91C9D31D200CC705D /* GameOver.png */; };
		0004B7F71C9D31D200CC705D /* green_heart.png in Resources */ = {isa = PBXBuildFile; fileRef = 0004B7AA1C9D31D200CC705D /* green_heart.png */; };
		0004B7F81C9D31D200CC705D /* Help_1.png in Resources */ = {isa = PBXBuildFile; fileRef = 0004B7AB1C9D31D200CC705D /* Help_1.png */; };
		0004B7F91C9D31D200CC705D /* Help_2.png in Resources */ = {isa = PBXBuildFile; fileRef = 0004B7AC1C9D31D200CC705D /* Help_2.png */; };
		0004B7FA1C9D31D200CC705D /* Item_pause.png in Resources */ = {isa = PBXBuildFile; fileRef = 0004B7AD1C9D31D200CC705D /* Item_pause.png */; };
		0004B7FB1C9D31D200CC705D /* menu_CDKEY.png in Resources */ = {isa = PBXBuildFile; fileRef = 0004B7AE1C9D31D200CC705D /* menu_CDKEY.png */; };
		0004B7FC1C9D31D200CC705D /* menu_continue.png in Resources */ = {isa = PBXBuildFile; fileRef = 0004B7AF1C9D31D200CC705D /* menu_continue.png */; };
		0004B7FD1C9D31D200CC705D /* menu_continuegame.png in Resources */ = {isa = PBXBuildFile; fileRef = 0004B7B01C9D31D200CC705D /* menu_continuegame.png */; };
		0004B7FE1C9D31D200CC705D /* menu_help.png in Resources */ = {isa = PBXBuildFile; fileRef = 0004B7B11C9D31D200CC705D /* menu_help.png */; };
		0004B7FF1C9D31D200CC705D /* menu_moregame.png in Resources */ = {isa = PBXBuildFile; fileRef = 0004B7B21C9D31D200CC705D /* menu_moregame.png */; };
		0004B8001C9D31D200CC705D /* menu_shop.png in Resources */ = {isa = PBXBuildFile; fileRef = 0004B7B31C9D31D200CC705D /* menu_shop.png */; };
		0004B8011C9D31D200CC705D /* menu_sound_off.png in Resources */ = {isa = PBXBuildFile; fileRef = 0004B7B41C9D31D200CC705D /* menu_sound_off.png */; };
		0004B8021C9D31D200CC705D /* menu_Text.png in Resources */ = {isa = PBXBuildFile; fileRef = 0004B7B51C9D31D200CC705D /* menu_Text.png */; };
		0004B8031C9D31D200CC705D /* MrDu_choujiang1.png in Resources */ = {isa = PBXBuildFile; fileRef = 0004B7B61C9D31D200CC705D /* MrDu_choujiang1.png */; };
		0004B8041C9D31D200CC705D /* MrDu_choujiang2.png in Resources */ = {isa = PBXBuildFile; fileRef = 0004B7B71C9D31D200CC705D /* MrDu_choujiang2.png */; };
		0004B8051C9D31D200CC705D /* MrDu.png in Resources */ = {isa = PBXBuildFile; fileRef = 0004B7B81C9D31D200CC705D /* MrDu.png */; };
		0004B8061C9D31D200CC705D /* new.png in Resources */ = {isa = PBXBuildFile; fileRef = 0004B7B91C9D31D200CC705D /* new.png */; };
		0004B8071C9D31D200CC705D /* orange_heart.png in Resources */ = {isa = PBXBuildFile; fileRef = 0004B7BA1C9D31D200CC705D /* orange_heart.png */; };
		0004B8081C9D31D200CC705D /* paint_arrow.png in Resources */ = {isa = PBXBuildFile; fileRef = 0004B7BB1C9D31D200CC705D /* paint_arrow.png */; };
		0004B8091C9D31D200CC705D /* paint_back.png in Resources */ = {isa = PBXBuildFile; fileRef = 0004B7BC1C9D31D200CC705D /* paint_back.png */; };
		0004B80A1C9D31D200CC705D /* paint_bg.png in Resources */ = {isa = PBXBuildFile; fileRef = 0004B7BD1C9D31D200CC705D /* paint_bg.png */; };
		0004B80B1C9D31D200CC705D /* Pause.png in Resources */ = {isa = PBXBuildFile; fileRef = 0004B7BE1C9D31D200CC705D /* Pause.png */; };
		0004B80C1C9D31D200CC705D /* Props_Bomb.png in Resources */ = {isa = PBXBuildFile; fileRef = 0004B7BF1C9D31D200CC705D /* Props_Bomb.png */; };
		0004B80D1C9D31D200CC705D /* Props_Paint.png in Resources */ = {isa = PBXBuildFile; fileRef = 0004B7C01C9D31D200CC705D /* Props_Paint.png */; };
		0004B80E1C9D31D200CC705D /* Props_Rainbow.png in Resources */ = {isa = PBXBuildFile; fileRef = 0004B7C11C9D31D200CC705D /* Props_Rainbow.png */; };
		0004B80F1C9D31D200CC705D /* purple_heart.png in Resources */ = {isa = PBXBuildFile; fileRef = 0004B7C21C9D31D200CC705D /* purple_heart.png */; };
		0004B8101C9D31D200CC705D /* red_heart.png in Resources */ = {isa = PBXBuildFile; fileRef = 0004B7C31C9D31D200CC705D /* red_heart.png */; };
		0004B8111C9D31D200CC705D /* Shop_Onece.png in Resources */ = {isa = PBXBuildFile; fileRef = 0004B7C41C9D31D200CC705D /* Shop_Onece.png */; };
		0004B8121C9D31D200CC705D /* stage_clear.png in Resources */ = {isa = PBXBuildFile; fileRef = 0004B7C51C9D31D200CC705D /* stage_clear.png */; };
		0004B8131C9D31D200CC705D /* Title_CDKEY.png in Resources */ = {isa = PBXBuildFile; fileRef = 0004B7C61C9D31D200CC705D /* Title_CDKEY.png */; };
		0004B8141C9D31D200CC705D /* Title_choujiang.png in Resources */ = {isa = PBXBuildFile; fileRef = 0004B7C71C9D31D200CC705D /* Title_choujiang.png */; };
		0004B8151C9D31D200CC705D /* Title_Help.png in Resources */ = {isa = PBXBuildFile; fileRef = 0004B7C81C9D31D200CC705D /* Title_Help.png */; };
		0004B8161C9D31D200CC705D /* Title_OneceShop.png in Resources */ = {isa = PBXBuildFile; fileRef = 0004B7C91C9D31D200CC705D /* Title_OneceShop.png */; };
		0004B8171C9D31D200CC705D /* Title_Pause.png in Resources */ = {isa = PBXBuildFile; fileRef = 0004B7CA1C9D31D200CC705D /* Title_Pause.png */; };
		0004B8181C9D31D200CC705D /* Title_QuickShop.png in Resources */ = {isa = PBXBuildFile; fileRef = 0004B7CB1C9D31D200CC705D /* Title_QuickShop.png */; };
		0004B8191C9D31D200CC705D /* Title_shop.png in Resources */ = {isa = PBXBuildFile; fileRef = 0004B7CC1C9D31D200CC705D /* Title_shop.png */; };
		0004B81A1C9D31D200CC705D /* zengsong.png in Resources */ = {isa = PBXBuildFile; fileRef = 0004B7CD1C9D31D200CC705D /* zengsong.png */; };
		0004B81B1C9D31D200CC705D /* Cancel.png in Resources */ = {isa = PBXBuildFile; fileRef = 0004B7CE1C9D31D200CC705D /* Cancel.png */; };
		0004B81C1C9D31D200CC705D /* click_2.png in Resources */ = {isa = PBXBuildFile; fileRef = 0004B7CF1C9D31D200CC705D /* click_2.png */; };
		0004B81D1C9D31D200CC705D /* menu_lingqu.png in Resources */ = {isa = PBXBuildFile; fileRef = 0004B7D01C9D31D200CC705D /* menu_lingqu.png */; };
		0004B81E1C9D31D200CC705D /* menu_sound_on.png in Resources */ = {isa = PBXBuildFile; fileRef = 0004B7D11C9D31D200CC705D /* menu_sound_on.png */; };
		0004B81F1C9D31D200CC705D /* menu_start.png in Resources */ = {isa = PBXBuildFile; fileRef = 0004B7D21C9D31D200CC705D /* menu_start.png */; };
		0004B8201C9D31D200CC705D /* menu_top.png in Resources */ = {isa = PBXBuildFile; fileRef = 0004B7D31C9D31D200CC705D /* menu_top.png */; };
		0004B8211C9D31D200CC705D /* green.png in Resources */ = {isa = PBXBuildFile; fileRef = 0004B7D41C9D31D200CC705D /* green.png */; };
		0004B8221C9D31D200CC705D /* orange.png in Resources */ = {isa = PBXBuildFile; fileRef = 0004B7D51C9D31D200CC705D /* orange.png */; };
		0004B8231C9D31D200CC705D /* red.png in Resources */ = {isa = PBXBuildFile; fileRef = 0004B7D61C9D31D200CC705D /* red.png */; };
		0004B8241C9D31D200CC705D /* purple.png in Resources */ = {isa = PBXBuildFile; fileRef = 0004B7D71C9D31D200CC705D /* purple.png */; };
		0004B8251C9D31D200CC705D /* blue.png in Resources */ = {isa = PBXBuildFile; fileRef = 0004B7D81C9D31D200CC705D /* blue.png */; };
		0004B8261C9D31D200CC705D /* ChineseWords.xml in Resources */ = {isa = PBXBuildFile; fileRef = 0004B7D91C9D31D200CC705D /* ChineseWords.xml */; };
		0004B8271C9D31D200CC705D /* fonts in Resources */ = {isa = PBXBuildFile; fileRef = 0004B7DA1C9D31D200CC705D /* fonts */; };
		0004B8281C9D31D200CC705D /* Music in Resources */ = {isa = PBXBuildFile; fileRef = 0004B7DB1C9D31D200CC705D /* Music */; };
		1AC6FB21180E996B004C840B /* libcocos2d Mac.a in Frameworks */ = {isa = PBXBuildFile; fileRef = 1AC6FAF9180E9839004C840B /* libcocos2d Mac.a */; };
		1AC6FB30180E99EB004C840B /* libcocos2d iOS.a in Frameworks */ = {isa = PBXBuildFile; fileRef = 1AC6FB07180E9839004C840B /* libcocos2d iOS.a */; };
		1D60589F0D05DD5A006BFB54 /* Foundation.framework in Frameworks */ = {isa = PBXBuildFile; fileRef = 1D30AB110D05D00D00671497 /* Foundation.framework */; };
		1DF5F4E00D08C38300B7A737 /* UIKit.framework in Frameworks */ = {isa = PBXBuildFile; fileRef = 1DF5F4DF0D08C38300B7A737 /* UIKit.framework */; };
		288765A50DF7441C002DB57D /* CoreGraphics.framework in Frameworks */ = {isa = PBXBuildFile; fileRef = 288765A40DF7441C002DB57D /* CoreGraphics.framework */; };
		46880B7B19C43A67006E1F66 /* CloseNormal.png in Resources */ = {isa = PBXBuildFile; fileRef = 46880B7619C43A67006E1F66 /* CloseNormal.png */; };
		46880B7C19C43A67006E1F66 /* CloseNormal.png in Resources */ = {isa = PBXBuildFile; fileRef = 46880B7619C43A67006E1F66 /* CloseNormal.png */; };
		46880B7D19C43A67006E1F66 /* CloseSelected.png in Resources */ = {isa = PBXBuildFile; fileRef = 46880B7719C43A67006E1F66 /* CloseSelected.png */; };
		46880B7E19C43A67006E1F66 /* CloseSelected.png in Resources */ = {isa = PBXBuildFile; fileRef = 46880B7719C43A67006E1F66 /* CloseSelected.png */; };
		46880B8119C43A67006E1F66 /* HelloWorld.png in Resources */ = {isa = PBXBuildFile; fileRef = 46880B7A19C43A67006E1F66 /* HelloWorld.png */; };
		46880B8219C43A67006E1F66 /* HelloWorld.png in Resources */ = {isa = PBXBuildFile; fileRef = 46880B7A19C43A67006E1F66 /* HelloWorld.png */; };
		46880B8819C43A87006E1F66 /* AppDelegate.cpp in Sources */ = {isa = PBXBuildFile; fileRef = 46880B8419C43A87006E1F66 /* AppDelegate.cpp */; };
		46880B8919C43A87006E1F66 /* AppDelegate.cpp in Sources */ = {isa = PBXBuildFile; fileRef = 46880B8419C43A87006E1F66 /* AppDelegate.cpp */; };
		46880B8A19C43A87006E1F66 /* HelloWorldScene.cpp in Sources */ = {isa = PBXBuildFile; fileRef = 46880B8619C43A87006E1F66 /* HelloWorldScene.cpp */; };
		46880B8B19C43A87006E1F66 /* HelloWorldScene.cpp in Sources */ = {isa = PBXBuildFile; fileRef = 46880B8619C43A87006E1F66 /* HelloWorldScene.cpp */; };
		503AE0F817EB97AB00D1A890 /* Icon.icns in Resources */ = {isa = PBXBuildFile; fileRef = 503AE0F617EB97AB00D1A890 /* Icon.icns */; };
		503AE10017EB989F00D1A890 /* AppController.mm in Sources */ = {isa = PBXBuildFile; fileRef = 503AE0FB17EB989F00D1A890 /* AppController.mm */; };
		503AE10117EB989F00D1A890 /* main.m in Sources */ = {isa = PBXBuildFile; fileRef = 503AE0FC17EB989F00D1A890 /* main.m */; };
		503AE10217EB989F00D1A890 /* RootViewController.mm in Sources */ = {isa = PBXBuildFile; fileRef = 503AE0FF17EB989F00D1A890 /* RootViewController.mm */; };
		503AE10517EB98FF00D1A890 /* main.cpp in Sources */ = {isa = PBXBuildFile; fileRef = 503AE10317EB98FF00D1A890 /* main.cpp */; };
		503AE11B17EB9C5A00D1A890 /* IOKit.framework in Frameworks */ = {isa = PBXBuildFile; fileRef = 503AE11A17EB9C5A00D1A890 /* IOKit.framework */; };
		5087E76317EB910900C73F5D /* Foundation.framework in Frameworks */ = {isa = PBXBuildFile; fileRef = 1D30AB110D05D00D00671497 /* Foundation.framework */; };
		5087E76717EB910900C73F5D /* libz.dylib in Frameworks */ = {isa = PBXBuildFile; fileRef = BF170DB412928DE900B8313A /* libz.dylib */; };
		5087E76817EB910900C73F5D /* QuartzCore.framework in Frameworks */ = {isa = PBXBuildFile; fileRef = BF1C47EA1293683800B63C5D /* QuartzCore.framework */; };
		5087E76917EB910900C73F5D /* OpenAL.framework in Frameworks */ = {isa = PBXBuildFile; fileRef = D44C620B132DFF330009C878 /* OpenAL.framework */; };
		5087E76A17EB910900C73F5D /* AVFoundation.framework in Frameworks */ = {isa = PBXBuildFile; fileRef = D44C620D132DFF430009C878 /* AVFoundation.framework */; };
		5087E76B17EB910900C73F5D /* AudioToolbox.framework in Frameworks */ = {isa = PBXBuildFile; fileRef = D44C620F132DFF4E0009C878 /* AudioToolbox.framework */; };
		5087E77D17EB970100C73F5D /* Default-568h@2x.png in Resources */ = {isa = PBXBuildFile; fileRef = 5087E77217EB970100C73F5D /* Default-568h@2x.png */; };
		5087E77E17EB970100C73F5D /* Default.png in Resources */ = {isa = PBXBuildFile; fileRef = 5087E77317EB970100C73F5D /* Default.png */; };
		5087E77F17EB970100C73F5D /* Default@2x.png in Resources */ = {isa = PBXBuildFile; fileRef = 5087E77417EB970100C73F5D /* Default@2x.png */; };
		5087E78017EB970100C73F5D /* Icon-114.png in Resources */ = {isa = PBXBuildFile; fileRef = 5087E77517EB970100C73F5D /* Icon-114.png */; };
		5087E78117EB970100C73F5D /* Icon-120.png in Resources */ = {isa = PBXBuildFile; fileRef = 5087E77617EB970100C73F5D /* Icon-120.png */; };
		5087E78217EB970100C73F5D /* Icon-144.png in Resources */ = {isa = PBXBuildFile; fileRef = 5087E77717EB970100C73F5D /* Icon-144.png */; };
		5087E78317EB970100C73F5D /* Icon-152.png in Resources */ = {isa = PBXBuildFile; fileRef = 5087E77817EB970100C73F5D /* Icon-152.png */; };
		5087E78417EB970100C73F5D /* Icon-57.png in Resources */ = {isa = PBXBuildFile; fileRef = 5087E77917EB970100C73F5D /* Icon-57.png */; };
		5087E78517EB970100C73F5D /* Icon-72.png in Resources */ = {isa = PBXBuildFile; fileRef = 5087E77A17EB970100C73F5D /* Icon-72.png */; };
		5087E78617EB970100C73F5D /* Icon-76.png in Resources */ = {isa = PBXBuildFile; fileRef = 5087E77B17EB970100C73F5D /* Icon-76.png */; };
		5087E78917EB974C00C73F5D /* AppKit.framework in Frameworks */ = {isa = PBXBuildFile; fileRef = 5087E78817EB974C00C73F5D /* AppKit.framework */; };
		5087E78B17EB975400C73F5D /* OpenGL.framework in Frameworks */ = {isa = PBXBuildFile; fileRef = 5087E78A17EB975400C73F5D /* OpenGL.framework */; };
		50EF629617ECD46A001EB2F8 /* Icon-40.png in Resources */ = {isa = PBXBuildFile; fileRef = 50EF629217ECD46A001EB2F8 /* Icon-40.png */; };
		50EF629717ECD46A001EB2F8 /* Icon-58.png in Resources */ = {isa = PBXBuildFile; fileRef = 50EF629317ECD46A001EB2F8 /* Icon-58.png */; };
		50EF629817ECD46A001EB2F8 /* Icon-80.png in Resources */ = {isa = PBXBuildFile; fileRef = 50EF629417ECD46A001EB2F8 /* Icon-80.png */; };
		50EF629917ECD46A001EB2F8 /* Icon-100.png in Resources */ = {isa = PBXBuildFile; fileRef = 50EF629517ECD46A001EB2F8 /* Icon-100.png */; };
		50EF62A217ECD613001EB2F8 /* Icon-29.png in Resources */ = {isa = PBXBuildFile; fileRef = 50EF62A017ECD613001EB2F8 /* Icon-29.png */; };
		50EF62A317ECD613001EB2F8 /* Icon-50.png in Resources */ = {isa = PBXBuildFile; fileRef = 50EF62A117ECD613001EB2F8 /* Icon-50.png */; };
		521A8E6419F0C34300D177D7 /* Default-667h@2x.png in Resources */ = {isa = PBXBuildFile; fileRef = 521A8E6219F0C34300D177D7 /* Default-667h@2x.png */; };
		521A8E6519F0C34300D177D7 /* Default-736h@3x.png in Resources */ = {isa = PBXBuildFile; fileRef = 521A8E6319F0C34300D177D7 /* Default-736h@3x.png */; };
		521A8EA919F11F5000D177D7 /* fonts in Resources */ = {isa = PBXBuildFile; fileRef = 521A8EA819F11F5000D177D7 /* fonts */; };
		521A8EAA19F11F5000D177D7 /* fonts in Resources */ = {isa = PBXBuildFile; fileRef = 521A8EA819F11F5000D177D7 /* fonts */; };
		52B47A471A53D09C004E4C60 /* Security.framework in Frameworks */ = {isa = PBXBuildFile; fileRef = 52B47A461A53D09B004E4C60 /* Security.framework */; };
		8262943E1AAF051F00CB7CF7 /* Security.framework in Frameworks */ = {isa = PBXBuildFile; fileRef = 8262943D1AAF051F00CB7CF7 /* Security.framework */; };
		BF171245129291EC00B8313A /* OpenGLES.framework in Frameworks */ = {isa = PBXBuildFile; fileRef = BF170DB012928DE900B8313A /* OpenGLES.framework */; };
		BF1712471292920000B8313A /* libz.dylib in Frameworks */ = {isa = PBXBuildFile; fileRef = BF170DB412928DE900B8313A /* libz.dylib */; };
		BF1C47F01293687400B63C5D /* QuartzCore.framework in Frameworks */ = {isa = PBXBuildFile; fileRef = BF1C47EA1293683800B63C5D /* QuartzCore.framework */; };
		D44C620C132DFF330009C878 /* OpenAL.framework in Frameworks */ = {isa = PBXBuildFile; fileRef = D44C620B132DFF330009C878 /* OpenAL.framework */; };
		D44C620E132DFF430009C878 /* AVFoundation.framework in Frameworks */ = {isa = PBXBuildFile; fileRef = D44C620D132DFF430009C878 /* AVFoundation.framework */; };
		D44C6210132DFF4E0009C878 /* AudioToolbox.framework in Frameworks */ = {isa = PBXBuildFile; fileRef = D44C620F132DFF4E0009C878 /* AudioToolbox.framework */; };
		D6B0611B1803AB670077942B /* CoreMotion.framework in Frameworks */ = {isa = PBXBuildFile; fileRef = D6B0611A1803AB670077942B /* CoreMotion.framework */; };
		ED545A7C1B68A1F400C3958E /* libiconv.dylib in Frameworks */ = {isa = PBXBuildFile; fileRef = ED545A7B1B68A1F400C3958E /* libiconv.dylib */; };
		ED545A7E1B68A1FA00C3958E /* libiconv.dylib in Frameworks */ = {isa = PBXBuildFile; fileRef = ED545A7D1B68A1FA00C3958E /* libiconv.dylib */; };
/* End PBXBuildFile section */

/* Begin PBXContainerItemProxy section */
		1AC6FAF8180E9839004C840B /* PBXContainerItemProxy */ = {
			isa = PBXContainerItemProxy;
			containerPortal = 1AC6FAE5180E9839004C840B /* cocos2d_libs.xcodeproj */;
			proxyType = 2;
			remoteGlobalIDString = 1551A33F158F2AB200E66CFE;
			remoteInfo = "cocos2dx Mac";
		};
		1AC6FB06180E9839004C840B /* PBXContainerItemProxy */ = {
			isa = PBXContainerItemProxy;
			containerPortal = 1AC6FAE5180E9839004C840B /* cocos2d_libs.xcodeproj */;
			proxyType = 2;
			remoteGlobalIDString = A07A4D641783777C0073F6A7;
			remoteInfo = "cocos2dx iOS";
		};
		1AC6FB15180E9959004C840B /* PBXContainerItemProxy */ = {
			isa = PBXContainerItemProxy;
			containerPortal = 1AC6FAE5180E9839004C840B /* cocos2d_libs.xcodeproj */;
			proxyType = 1;
			remoteGlobalIDString = 1551A33E158F2AB200E66CFE;
			remoteInfo = "cocos2dx Mac";
		};
		1AC6FB24180E99E1004C840B /* PBXContainerItemProxy */ = {
			isa = PBXContainerItemProxy;
			containerPortal = 1AC6FAE5180E9839004C840B /* cocos2d_libs.xcodeproj */;
			proxyType = 1;
			remoteGlobalIDString = A07A4C241783777C0073F6A7;
			remoteInfo = "cocos2dx iOS";
		};
/* End PBXContainerItemProxy section */

/* Begin PBXFileReference section */
		0004B7601C9D31BD00CC705D /* LayerChangeUtil.cpp */ = {isa = PBXFileReference; fileEncoding = 4; lastKnownFileType = sourcecode.cpp.cpp; path = LayerChangeUtil.cpp; sourceTree = "<group>"; };
		0004B7611C9D31BD00CC705D /* MenuScene.h */ = {isa = PBXFileReference; fileEncoding = 4; lastKnownFileType = sourcecode.c.h; path = MenuScene.h; sourceTree = "<group>"; };
		0004B7621C9D31BD00CC705D /* GameScene.h */ = {isa = PBXFileReference; fileEncoding = 4; lastKnownFileType = sourcecode.c.h; path = GameScene.h; sourceTree = "<group>"; };
		0004B7631C9D31BD00CC705D /* LevelMsgLayer.h */ = {isa = PBXFileReference; fileEncoding = 4; lastKnownFileType = sourcecode.c.h; path = LevelMsgLayer.h; sourceTree = "<group>"; };
		0004B7641C9D31BD00CC705D /* LevelMsgLayer.cpp */ = {isa = PBXFileReference; fileEncoding = 4; lastKnownFileType = sourcecode.cpp.cpp; path = LevelMsgLayer.cpp; sourceTree = "<group>"; };
		0004B7651C9D31BD00CC705D /* XMLParser.h */ = {isa = PBXFileReference; fileEncoding = 4; lastKnownFileType = sourcecode.c.h; path = XMLParser.h; sourceTree = "<group>"; };
		0004B7661C9D31BD00CC705D /* XMLParser.cpp */ = {isa = PBXFileReference; fileEncoding = 4; lastKnownFileType = sourcecode.cpp.cpp; path = XMLParser.cpp; sourceTree = "<group>"; };
		0004B7671C9D31BD00CC705D /* Chinese.cpp */ = {isa = PBXFileReference; fileEncoding = 4; lastKnownFileType = sourcecode.cpp.cpp; path = Chinese.cpp; sourceTree = "<group>"; };
		0004B7681C9D31BD00CC705D /* Star.cpp */ = {isa = PBXFileReference; fileEncoding = 4; lastKnownFileType = sourcecode.cpp.cpp; path = Star.cpp; sourceTree = "<group>"; };
		0004B7691C9D31BD00CC705D /* Star.h */ = {isa = PBXFileReference; fileEncoding = 4; lastKnownFileType = sourcecode.c.h; path = Star.h; sourceTree = "<group>"; };
		0004B76A1C9D31BD00CC705D /* TopMenu.h */ = {isa = PBXFileReference; fileEncoding = 4; lastKnownFileType = sourcecode.c.h; path = TopMenu.h; sourceTree = "<group>"; };
		0004B76B1C9D31BD00CC705D /* FloatWord.h */ = {isa = PBXFileReference; fileEncoding = 4; lastKnownFileType = sourcecode.c.h; path = FloatWord.h; sourceTree = "<group>"; };
		0004B76C1C9D31BD00CC705D /* FloatWord.cpp */ = {isa = PBXFileReference; fileEncoding = 4; lastKnownFileType = sourcecode.cpp.cpp; path = FloatWord.cpp; sourceTree = "<group>"; };
		0004B76D1C9D31BD00CC705D /* StarMatrix.h */ = {isa = PBXFileReference; fileEncoding = 4; lastKnownFileType = sourcecode.c.h; path = StarMatrix.h; sourceTree = "<group>"; };
		0004B76E1C9D31BD00CC705D /* GameLayer.h */ = {isa = PBXFileReference; fileEncoding = 4; lastKnownFileType = sourcecode.c.h; path = GameLayer.h; sourceTree = "<group>"; };
		0004B76F1C9D31BD00CC705D /* GameData.h */ = {isa = PBXFileReference; fileEncoding = 4; lastKnownFileType = sourcecode.c.h; path = GameData.h; sourceTree = "<group>"; };
		0004B7701C9D31BD00CC705D /* GameData.cpp */ = {isa = PBXFileReference; fileEncoding = 4; lastKnownFileType = sourcecode.cpp.cpp; path = GameData.cpp; sourceTree = "<group>"; };
		0004B7711C9D31BD00CC705D /* StarParticle.h */ = {isa = PBXFileReference; fileEncoding = 4; lastKnownFileType = sourcecode.c.h; path = StarParticle.h; sourceTree = "<group>"; };
		0004B7721C9D31BD00CC705D /* StarParticle.cpp */ = {isa = PBXFileReference; fileEncoding = 4; lastKnownFileType = sourcecode.cpp.cpp; path = StarParticle.cpp; sourceTree = "<group>"; };
		0004B7731C9D31BD00CC705D /* ComboEffect.cpp */ = {isa = PBXFileReference; fileEncoding = 4; lastKnownFileType = sourcecode.cpp.cpp; path = ComboEffect.cpp; sourceTree = "<group>"; };
		0004B7741C9D31BD00CC705D /* ComboEffect.h */ = {isa = PBXFileReference; fileEncoding = 4; lastKnownFileType = sourcecode.c.h; path = ComboEffect.h; sourceTree = "<group>"; };
		0004B7751C9D31BD00CC705D /* StarMatrix.cpp */ = {isa = PBXFileReference; fileEncoding = 4; lastKnownFileType = sourcecode.cpp.cpp; path = StarMatrix.cpp; sourceTree = "<group>"; };
		0004B7761C9D31BD00CC705D /* Audio.cpp */ = {isa = PBXFileReference; fileEncoding = 4; lastKnownFileType = sourcecode.cpp.cpp; path = Audio.cpp; sourceTree = "<group>"; };
		0004B7771C9D31BD00CC705D /* Audio.h */ = {isa = PBXFileReference; fileEncoding = 4; lastKnownFileType = sourcecode.c.h; path = Audio.h; sourceTree = "<group>"; };
		0004B7781C9D31BD00CC705D /* GameScene.cpp */ = {isa = PBXFileReference; fileEncoding = 4; lastKnownFileType = sourcecode.cpp.cpp; path = GameScene.cpp; sourceTree = "<group>"; };
		0004B7791C9D31BD00CC705D /* MenuScene.cpp */ = {isa = PBXFileReference; fileEncoding = 4; lastKnownFileType = sourcecode.cpp.cpp; path = MenuScene.cpp; sourceTree = "<group>"; };
		0004B77A1C9D31BD00CC705D /* MenuLayer.h */ = {isa = PBXFileReference; fileEncoding = 4; lastKnownFileType = sourcecode.c.h; path = MenuLayer.h; sourceTree = "<group>"; };
		0004B77B1C9D31BD00CC705D /* MenuLayer.cpp */ = {isa = PBXFileReference; fileEncoding = 4; lastKnownFileType = sourcecode.cpp.cpp; path = MenuLayer.cpp; sourceTree = "<group>"; };
		0004B77C1C9D31BD00CC705D /* TopMenu.cpp */ = {isa = PBXFileReference; fileEncoding = 4; lastKnownFileType = sourcecode.cpp.cpp; path = TopMenu.cpp; sourceTree = "<group>"; };
		0004B77D1C9D31BD00CC705D /* GameLayer.cpp */ = {isa = PBXFileReference; fileEncoding = 4; lastKnownFileType = sourcecode.cpp.cpp; path = GameLayer.cpp; sourceTree = "<group>"; };
		0004B77E1C9D31BE00CC705D /* Chinese.h */ = {isa = PBXFileReference; fileEncoding = 4; lastKnownFileType = sourcecode.c.h; path = Chinese.h; sourceTree = "<group>"; };
		0004B78F1C9D31D200CC705D /* music.ogg */ = {isa = PBXFileReference; lastKnownFileType = file; path = music.ogg; sourceTree = "<group>"; };
		0004B7901C9D31D200CC705D /* star.png */ = {isa = PBXFileReference; lastKnownFileType = image.png; path = star.png; sourceTree = "<group>"; };
		0004B7911C9D31D200CC705D /* sound_on.png */ = {isa = PBXFileReference; lastKnownFileType = image.png; path = sound_on.png; sourceTree = "<group>"; };
		0004B7921C9D31D200CC705D /* menu_continue2.png */ = {isa = PBXFileReference; lastKnownFileType = image.png; path = menu_continue2.png; sourceTree = "<group>"; };
		0004B7931C9D31D200CC705D /* menu_money.png */ = {isa = PBXFileReference; lastKnownFileType = image.png; path = menu_money.png; sourceTree = "<group>"; };
		0004B7941C9D31D200CC705D /* menu_lingjiang.png */ = {isa = PBXFileReference; lastKnownFileType = image.png; path = menu_lingjiang.png; sourceTree = "<group>"; };
		0004B7951C9D31D200CC705D /* click_1.png */ = {isa = PBXFileReference; lastKnownFileType = image.png; path = click_1.png; sourceTree = "<group>"; };
		0004B7961C9D31D200CC705D /* menu_about.png */ = {isa = PBXFileReference; lastKnownFileType = image.png; path = menu_about.png; sourceTree = "<group>"; };
		0004B7971C9D31D200CC705D /* bg_mainscene.jpg */ = {isa = PBXFileReference; lastKnownFileType = image.jpeg; path = bg_mainscene.jpg; sourceTree = "<group>"; };
		0004B7981C9D31D200CC705D /* bg_menuscene_yj.png */ = {isa = PBXFileReference; lastKnownFileType = image.png; path = bg_menuscene_yj.png; sourceTree = "<group>"; };
		0004B7991C9D31D200CC705D /* bg_menuscene_zx.png */ = {isa = PBXFileReference; lastKnownFileType = image.png; path = bg_menuscene_zx.png; sourceTree = "<group>"; };
		0004B79A1C9D31D200CC705D /* bg_menuscene_zx2014.png */ = {isa = PBXFileReference; lastKnownFileType = image.png; path = bg_menuscene_zx2014.png; sourceTree = "<group>"; };
		0004B79B1C9D31D200CC705D /* bg_menuscene.jpg */ = {isa = PBXFileReference; lastKnownFileType = image.jpeg; path = bg_menuscene.jpg; sourceTree = "<group>"; };
		0004B79C1C9D31D200CC705D /* blue_heart.png */ = {isa = PBXFileReference; lastKnownFileType = image.png; path = blue_heart.png; sourceTree = "<group>"; };
		0004B79D1C9D31D200CC705D /* coin_add.png */ = {isa = PBXFileReference; lastKnownFileType = image.png; path = coin_add.png; sourceTree = "<group>"; };
		0004B79E1C9D31D200CC705D /* combo_1.png */ = {isa = PBXFileReference; lastKnownFileType = image.png; path = combo_1.png; sourceTree = "<group>"; };
		0004B79F1C9D31D200CC705D /* combo_2.png */ = {isa = PBXFileReference; lastKnownFileType = image.png; path = combo_2.png; sourceTree = "<group>"; };
		0004B7A01C9D31D200CC705D /* combo_3.png */ = {isa = PBXFileReference; lastKnownFileType = image.png; path = combo_3.png; sourceTree = "<group>"; };
		0004B7A11C9D31D200CC705D /* Dialog_bg.png */ = {isa = PBXFileReference; lastKnownFileType = image.png; path = Dialog_bg.png; sourceTree = "<group>"; };
		0004B7A21C9D31D200CC705D /* Dialog_bg2.png */ = {isa = PBXFileReference; lastKnownFileType = image.png; path = Dialog_bg2.png; sourceTree = "<group>"; };
		0004B7A31C9D31D200CC705D /* Dialog_Item.png */ = {isa = PBXFileReference; lastKnownFileType = image.png; path = Dialog_Item.png; sourceTree = "<group>"; };
		0004B7A41C9D31D200CC705D /* Dialog_Item2.png */ = {isa = PBXFileReference; lastKnownFileType = image.png; path = Dialog_Item2.png; sourceTree = "<group>"; };
		0004B7A51C9D31D200CC705D /* Dialog_Title.png */ = {isa = PBXFileReference; lastKnownFileType = image.png; path = Dialog_Title.png; sourceTree = "<group>"; };
		0004B7A61C9D31D200CC705D /* diamond.png */ = {isa = PBXFileReference; lastKnownFileType = image.png; path = diamond.png; sourceTree = "<group>"; };
		0004B7A71C9D31D200CC705D /* feedata.xml */ = {isa = PBXFileReference; fileEncoding = 4; lastKnownFileType = text.xml; path = feedata.xml; sourceTree = "<group>"; };
		0004B7A81C9D31D200CC705D /* fireworks.png */ = {isa = PBXFileReference; lastKnownFileType = image.png; path = fireworks.png; sourceTree = "<group>"; };
		0004B7A91C9D31D200CC705D /* GameOver.png */ = {isa = PBXFileReference; lastKnownFileType = image.png; path = GameOver.png; sourceTree = "<group>"; };
		0004B7AA1C9D31D200CC705D /* green_heart.png */ = {isa = PBXFileReference; lastKnownFileType = image.png; path = green_heart.png; sourceTree = "<group>"; };
		0004B7AB1C9D31D200CC705D /* Help_1.png */ = {isa = PBXFileReference; lastKnownFileType = image.png; path = Help_1.png; sourceTree = "<group>"; };
		0004B7AC1C9D31D200CC705D /* Help_2.png */ = {isa = PBXFileReference; lastKnownFileType = image.png; path = Help_2.png; sourceTree = "<group>"; };
		0004B7AD1C9D31D200CC705D /* Item_pause.png */ = {isa = PBXFileReference; lastKnownFileType = image.png; path = Item_pause.png; sourceTree = "<group>"; };
		0004B7AE1C9D31D200CC705D /* menu_CDKEY.png */ = {isa = PBXFileReference; lastKnownFileType = image.png; path = menu_CDKEY.png; sourceTree = "<group>"; };
		0004B7AF1C9D31D200CC705D /* menu_continue.png */ = {isa = PBXFileReference; lastKnownFileType = image.png; path = menu_continue.png; sourceTree = "<group>"; };
		0004B7B01C9D31D200CC705D /* menu_continuegame.png */ = {isa = PBXFileReference; lastKnownFileType = image.png; path = menu_continuegame.png; sourceTree = "<group>"; };
		0004B7B11C9D31D200CC705D /* menu_help.png */ = {isa = PBXFileReference; lastKnownFileType = image.png; path = menu_help.png; sourceTree = "<group>"; };
		0004B7B21C9D31D200CC705D /* menu_moregame.png */ = {isa = PBXFileReference; lastKnownFileType = image.png; path = menu_moregame.png; sourceTree = "<group>"; };
		0004B7B31C9D31D200CC705D /* menu_shop.png */ = {isa = PBXFileReference; lastKnownFileType = image.png; path = menu_shop.png; sourceTree = "<group>"; };
		0004B7B41C9D31D200CC705D /* menu_sound_off.png */ = {isa = PBXFileReference; lastKnownFileType = image.png; path = menu_sound_off.png; sourceTree = "<group>"; };
		0004B7B51C9D31D200CC705D /* menu_Text.png */ = {isa = PBXFileReference; lastKnownFileType = image.png; path = menu_Text.png; sourceTree = "<group>"; };
		0004B7B61C9D31D200CC705D /* MrDu_choujiang1.png */ = {isa = PBXFileReference; lastKnownFileType = image.png; path = MrDu_choujiang1.png; sourceTree = "<group>"; };
		0004B7B71C9D31D200CC705D /* MrDu_choujiang2.png */ = {isa = PBXFileReference; lastKnownFileType = image.png; path = MrDu_choujiang2.png; sourceTree = "<group>"; };
		0004B7B81C9D31D200CC705D /* MrDu.png */ = {isa = PBXFileReference; lastKnownFileType = image.png; path = MrDu.png; sourceTree = "<group>"; };
		0004B7B91C9D31D200CC705D /* new.png */ = {isa = PBXFileReference; lastKnownFileType = image.png; path = new.png; sourceTree = "<group>"; };
		0004B7BA1C9D31D200CC705D /* orange_heart.png */ = {isa = PBXFileReference; lastKnownFileType = image.png; path = orange_heart.png; sourceTree = "<group>"; };
		0004B7BB1C9D31D200CC705D /* paint_arrow.png */ = {isa = PBXFileReference; lastKnownFileType = image.png; path = paint_arrow.png; sourceTree = "<group>"; };
		0004B7BC1C9D31D200CC705D /* paint_back.png */ = {isa = PBXFileReference; lastKnownFileType = image.png; path = paint_back.png; sourceTree = "<group>"; };
		0004B7BD1C9D31D200CC705D /* paint_bg.png */ = {isa = PBXFileReference; lastKnownFileType = image.png; path = paint_bg.png; sourceTree = "<group>"; };
		0004B7BE1C9D31D200CC705D /* Pause.png */ = {isa = PBXFileReference; lastKnownFileType = image.png; path = Pause.png; sourceTree = "<group>"; };
		0004B7BF1C9D31D200CC705D /* Props_Bomb.png */ = {isa = PBXFileReference; lastKnownFileType = image.png; path = Props_Bomb.png; sourceTree = "<group>"; };
		0004B7C01C9D31D200CC705D /* Props_Paint.png */ = {isa = PBXFileReference; lastKnownFileType = image.png; path = Props_Paint.png; sourceTree = "<group>"; };
		0004B7C11C9D31D200CC705D /* Props_Rainbow.png */ = {isa = PBXFileReference; lastKnownFileType = image.png; path = Props_Rainbow.png; sourceTree = "<group>"; };
		0004B7C21C9D31D200CC705D /* purple_heart.png */ = {isa = PBXFileReference; lastKnownFileType = image.png; path = purple_heart.png; sourceTree = "<group>"; };
		0004B7C31C9D31D200CC705D /* red_heart.png */ = {isa = PBXFileReference; lastKnownFileType = image.png; path = red_heart.png; sourceTree = "<group>"; };
		0004B7C41C9D31D200CC705D /* Shop_Onece.png */ = {isa = PBXFileReference; lastKnownFileType = image.png; path = Shop_Onece.png; sourceTree = "<group>"; };
		0004B7C51C9D31D200CC705D /* stage_clear.png */ = {isa = PBXFileReference; lastKnownFileType = image.png; path = stage_clear.png; sourceTree = "<group>"; };
		0004B7C61C9D31D200CC705D /* Title_CDKEY.png */ = {isa = PBXFileReference; lastKnownFileType = image.png; path = Title_CDKEY.png; sourceTree = "<group>"; };
		0004B7C71C9D31D200CC705D /* Title_choujiang.png */ = {isa = PBXFileReference; lastKnownFileType = image.png; path = Title_choujiang.png; sourceTree = "<group>"; };
		0004B7C81C9D31D200CC705D /* Title_Help.png */ = {isa = PBXFileReference; lastKnownFileType = image.png; path = Title_Help.png; sourceTree = "<group>"; };
		0004B7C91C9D31D200CC705D /* Title_OneceShop.png */ = {isa = PBXFileReference; lastKnownFileType = image.png; path = Title_OneceShop.png; sourceTree = "<group>"; };
		0004B7CA1C9D31D200CC705D /* Title_Pause.png */ = {isa = PBXFileReference; lastKnownFileType = image.png; path = Title_Pause.png; sourceTree = "<group>"; };
		0004B7CB1C9D31D200CC705D /* Title_QuickShop.png */ = {isa = PBXFileReference; lastKnownFileType = image.png; path = Title_QuickShop.png; sourceTree = "<group>"; };
		0004B7CC1C9D31D200CC705D /* Title_shop.png */ = {isa = PBXFileReference; lastKnownFileType = image.png; path = Title_shop.png; sourceTree = "<group>"; };
		0004B7CD1C9D31D200CC705D /* zengsong.png */ = {isa = PBXFileReference; lastKnownFileType = image.png; path = zengsong.png; sourceTree = "<group>"; };
		0004B7CE1C9D31D200CC705D /* Cancel.png */ = {isa = PBXFileReference; lastKnownFileType = image.png; path = Cancel.png; sourceTree = "<group>"; };
		0004B7CF1C9D31D200CC705D /* click_2.png */ = {isa = PBXFileReference; lastKnownFileType = image.png; path = click_2.png; sourceTree = "<group>"; };
		0004B7D01C9D31D200CC705D /* menu_lingqu.png */ = {isa = PBXFileReference; lastKnownFileType = image.png; path = menu_lingqu.png; sourceTree = "<group>"; };
		0004B7D11C9D31D200CC705D /* menu_sound_on.png */ = {isa = PBXFileReference; lastKnownFileType = image.png; path = menu_sound_on.png; sourceTree = "<group>"; };
		0004B7D21C9D31D200CC705D /* menu_start.png */ = {isa = PBXFileReference; lastKnownFileType = image.png; path = menu_start.png; sourceTree = "<group>"; };
		0004B7D31C9D31D200CC705D /* menu_top.png */ = {isa = PBXFileReference; lastKnownFileType = image.png; path = menu_top.png; sourceTree = "<group>"; };
		0004B7D41C9D31D200CC705D /* green.png */ = {isa = PBXFileReference; lastKnownFileType = image.png; path = green.png; sourceTree = "<group>"; };
		0004B7D51C9D31D200CC705D /* orange.png */ = {isa = PBXFileReference; lastKnownFileType = image.png; path = orange.png; sourceTree = "<group>"; };
		0004B7D61C9D31D200CC705D /* red.png */ = {isa = PBXFileReference; lastKnownFileType = image.png; path = red.png; sourceTree = "<group>"; };
		0004B7D71C9D31D200CC705D /* purple.png */ = {isa = PBXFileReference; lastKnownFileType = image.png; path = purple.png; sourceTree = "<group>"; };
		0004B7D81C9D31D200CC705D /* blue.png */ = {isa = PBXFileReference; lastKnownFileType = image.png; path = blue.png; sourceTree = "<group>"; };
		0004B7D91C9D31D200CC705D /* ChineseWords.xml */ = {isa = PBXFileReference; fileEncoding = 4; lastKnownFileType = text.xml; path = ChineseWords.xml; sourceTree = "<group>"; };
		0004B7DA1C9D31D200CC705D /* fonts */ = {isa = PBXFileReference; lastKnownFileType = folder; path = fonts; sourceTree = "<group>"; };
		0004B7DB1C9D31D200CC705D /* Music */ = {isa = PBXFileReference; lastKnownFileType = folder; path = Music; sourceTree = "<group>"; };
		1AC6FAE5180E9839004C840B /* cocos2d_libs.xcodeproj */ = {isa = PBXFileReference; lastKnownFileType = "wrapper.pb-project"; name = cocos2d_libs.xcodeproj; path = ../cocos2d/build/cocos2d_libs.xcodeproj; sourceTree = "<group>"; };
		1ACB3243164770DE00914215 /* libcurl.a */ = {isa = PBXFileReference; lastKnownFileType = archive.ar; name = libcurl.a; path = ../../cocos2dx/platform/third_party/ios/libraries/libcurl.a; sourceTree = "<group>"; };
		1D30AB110D05D00D00671497 /* Foundation.framework */ = {isa = PBXFileReference; lastKnownFileType = wrapper.framework; name = Foundation.framework; path = System/Library/Frameworks/Foundation.framework; sourceTree = SDKROOT; };
		1D6058910D05DD3D006BFB54 /* xiaomxx-mobile.app */ = {isa = PBXFileReference; explicitFileType = wrapper.application; includeInIndex = 0; path = "xiaomxx-mobile.app"; sourceTree = BUILT_PRODUCTS_DIR; };
		1DF5F4DF0D08C38300B7A737 /* UIKit.framework */ = {isa = PBXFileReference; lastKnownFileType = wrapper.framework; name = UIKit.framework; path = System/Library/Frameworks/UIKit.framework; sourceTree = SDKROOT; };
		288765A40DF7441C002DB57D /* CoreGraphics.framework */ = {isa = PBXFileReference; lastKnownFileType = wrapper.framework; name = CoreGraphics.framework; path = System/Library/Frameworks/CoreGraphics.framework; sourceTree = SDKROOT; };
		46880B7619C43A67006E1F66 /* CloseNormal.png */ = {isa = PBXFileReference; lastKnownFileType = image.png; path = CloseNormal.png; sourceTree = "<group>"; };
		46880B7719C43A67006E1F66 /* CloseSelected.png */ = {isa = PBXFileReference; lastKnownFileType = image.png; path = CloseSelected.png; sourceTree = "<group>"; };
		46880B7A19C43A67006E1F66 /* HelloWorld.png */ = {isa = PBXFileReference; lastKnownFileType = image.png; path = HelloWorld.png; sourceTree = "<group>"; };
		46880B8419C43A87006E1F66 /* AppDelegate.cpp */ = {isa = PBXFileReference; fileEncoding = 4; lastKnownFileType = sourcecode.cpp.cpp; path = AppDelegate.cpp; sourceTree = "<group>"; };
		46880B8519C43A87006E1F66 /* AppDelegate.h */ = {isa = PBXFileReference; fileEncoding = 4; lastKnownFileType = sourcecode.c.h; path = AppDelegate.h; sourceTree = "<group>"; };
		46880B8619C43A87006E1F66 /* HelloWorldScene.cpp */ = {isa = PBXFileReference; fileEncoding = 4; lastKnownFileType = sourcecode.cpp.cpp; path = HelloWorldScene.cpp; sourceTree = "<group>"; };
		46880B8719C43A87006E1F66 /* HelloWorldScene.h */ = {isa = PBXFileReference; fileEncoding = 4; lastKnownFileType = sourcecode.c.h; path = HelloWorldScene.h; sourceTree = "<group>"; };
		503AE0F617EB97AB00D1A890 /* Icon.icns */ = {isa = PBXFileReference; lastKnownFileType = image.icns; path = Icon.icns; sourceTree = "<group>"; };
		503AE0F717EB97AB00D1A890 /* Info.plist */ = {isa = PBXFileReference; fileEncoding = 4; lastKnownFileType = text.plist.xml; path = Info.plist; sourceTree = "<group>"; };
		503AE0FA17EB989F00D1A890 /* AppController.h */ = {isa = PBXFileReference; fileEncoding = 4; lastKnownFileType = sourcecode.c.h; name = AppController.h; path = ios/AppController.h; sourceTree = SOURCE_ROOT; };
		503AE0FB17EB989F00D1A890 /* AppController.mm */ = {isa = PBXFileReference; fileEncoding = 4; lastKnownFileType = sourcecode.cpp.objcpp; name = AppController.mm; path = ios/AppController.mm; sourceTree = SOURCE_ROOT; };
		503AE0FC17EB989F00D1A890 /* main.m */ = {isa = PBXFileReference; fileEncoding = 4; lastKnownFileType = sourcecode.c.objc; name = main.m; path = ios/main.m; sourceTree = SOURCE_ROOT; };
		503AE0FD17EB989F00D1A890 /* Prefix.pch */ = {isa = PBXFileReference; fileEncoding = 4; lastKnownFileType = sourcecode.c.h; name = Prefix.pch; path = ios/Prefix.pch; sourceTree = SOURCE_ROOT; };
		503AE0FE17EB989F00D1A890 /* RootViewController.h */ = {isa = PBXFileReference; fileEncoding = 4; lastKnownFileType = sourcecode.c.h; name = RootViewController.h; path = ios/RootViewController.h; sourceTree = SOURCE_ROOT; };
		503AE0FF17EB989F00D1A890 /* RootViewController.mm */ = {isa = PBXFileReference; fileEncoding = 4; lastKnownFileType = sourcecode.cpp.objcpp; name = RootViewController.mm; path = ios/RootViewController.mm; sourceTree = SOURCE_ROOT; };
		503AE10317EB98FF00D1A890 /* main.cpp */ = {isa = PBXFileReference; fileEncoding = 4; lastKnownFileType = sourcecode.cpp.cpp; name = main.cpp; path = mac/main.cpp; sourceTree = "<group>"; };
		503AE10417EB98FF00D1A890 /* Prefix.pch */ = {isa = PBXFileReference; fileEncoding = 4; lastKnownFileType = sourcecode.c.h; name = Prefix.pch; path = mac/Prefix.pch; sourceTree = "<group>"; };
		503AE11117EB99EE00D1A890 /* libcurl.dylib */ = {isa = PBXFileReference; lastKnownFileType = "compiled.mach-o.dylib"; name = libcurl.dylib; path = usr/lib/libcurl.dylib; sourceTree = SDKROOT; };
		503AE11A17EB9C5A00D1A890 /* IOKit.framework */ = {isa = PBXFileReference; lastKnownFileType = wrapper.framework; name = IOKit.framework; path = System/Library/Frameworks/IOKit.framework; sourceTree = SDKROOT; };
		5087E76F17EB910900C73F5D /* xiaomxx-desktop.app */ = {isa = PBXFileReference; explicitFileType = wrapper.application; includeInIndex = 0; path = "xiaomxx-desktop.app"; sourceTree = BUILT_PRODUCTS_DIR; };
		5087E77217EB970100C73F5D /* Default-568h@2x.png */ = {isa = PBXFileReference; lastKnownFileType = image.png; path = "Default-568h@2x.png"; sourceTree = "<group>"; };
		5087E77317EB970100C73F5D /* Default.png */ = {isa = PBXFileReference; lastKnownFileType = image.png; path = Default.png; sourceTree = "<group>"; };
		5087E77417EB970100C73F5D /* Default@2x.png */ = {isa = PBXFileReference; lastKnownFileType = image.png; path = "Default@2x.png"; sourceTree = "<group>"; };
		5087E77517EB970100C73F5D /* Icon-114.png */ = {isa = PBXFileReference; lastKnownFileType = image.png; path = "Icon-114.png"; sourceTree = "<group>"; };
		5087E77617EB970100C73F5D /* Icon-120.png */ = {isa = PBXFileReference; lastKnownFileType = image.png; path = "Icon-120.png"; sourceTree = "<group>"; };
		5087E77717EB970100C73F5D /* Icon-144.png */ = {isa = PBXFileReference; lastKnownFileType = image.png; path = "Icon-144.png"; sourceTree = "<group>"; };
		5087E77817EB970100C73F5D /* Icon-152.png */ = {isa = PBXFileReference; lastKnownFileType = image.png; path = "Icon-152.png"; sourceTree = "<group>"; };
		5087E77917EB970100C73F5D /* Icon-57.png */ = {isa = PBXFileReference; lastKnownFileType = image.png; path = "Icon-57.png"; sourceTree = "<group>"; };
		5087E77A17EB970100C73F5D /* Icon-72.png */ = {isa = PBXFileReference; lastKnownFileType = image.png; path = "Icon-72.png"; sourceTree = "<group>"; };
		5087E77B17EB970100C73F5D /* Icon-76.png */ = {isa = PBXFileReference; lastKnownFileType = image.png; path = "Icon-76.png"; sourceTree = "<group>"; };
		5087E77C17EB970100C73F5D /* Info.plist */ = {isa = PBXFileReference; fileEncoding = 4; lastKnownFileType = text.plist.xml; path = Info.plist; sourceTree = "<group>"; };
		5087E78817EB974C00C73F5D /* AppKit.framework */ = {isa = PBXFileReference; lastKnownFileType = wrapper.framework; name = AppKit.framework; path = System/Library/Frameworks/AppKit.framework; sourceTree = SDKROOT; };
		5087E78A17EB975400C73F5D /* OpenGL.framework */ = {isa = PBXFileReference; lastKnownFileType = wrapper.framework; name = OpenGL.framework; path = System/Library/Frameworks/OpenGL.framework; sourceTree = SDKROOT; };
		50EF629217ECD46A001EB2F8 /* Icon-40.png */ = {isa = PBXFileReference; lastKnownFileType = image.png; path = "Icon-40.png"; sourceTree = "<group>"; };
		50EF629317ECD46A001EB2F8 /* Icon-58.png */ = {isa = PBXFileReference; lastKnownFileType = image.png; path = "Icon-58.png"; sourceTree = "<group>"; };
		50EF629417ECD46A001EB2F8 /* Icon-80.png */ = {isa = PBXFileReference; lastKnownFileType = image.png; path = "Icon-80.png"; sourceTree = "<group>"; };
		50EF629517ECD46A001EB2F8 /* Icon-100.png */ = {isa = PBXFileReference; lastKnownFileType = image.png; path = "Icon-100.png"; sourceTree = "<group>"; };
		50EF62A017ECD613001EB2F8 /* Icon-29.png */ = {isa = PBXFileReference; lastKnownFileType = image.png; path = "Icon-29.png"; sourceTree = "<group>"; };
		50EF62A117ECD613001EB2F8 /* Icon-50.png */ = {isa = PBXFileReference; lastKnownFileType = image.png; path = "Icon-50.png"; sourceTree = "<group>"; };
		521A8E6219F0C34300D177D7 /* Default-667h@2x.png */ = {isa = PBXFileReference; lastKnownFileType = image.png; path = "Default-667h@2x.png"; sourceTree = "<group>"; };
		521A8E6319F0C34300D177D7 /* Default-736h@3x.png */ = {isa = PBXFileReference; lastKnownFileType = image.png; path = "Default-736h@3x.png"; sourceTree = "<group>"; };
		521A8EA819F11F5000D177D7 /* fonts */ = {isa = PBXFileReference; lastKnownFileType = folder; path = fonts; sourceTree = "<group>"; };
		52B47A461A53D09B004E4C60 /* Security.framework */ = {isa = PBXFileReference; lastKnownFileType = wrapper.framework; name = Security.framework; path = Platforms/iPhoneOS.platform/Developer/SDKs/iPhoneOS8.1.sdk/System/Library/Frameworks/Security.framework; sourceTree = DEVELOPER_DIR; };
		8262943D1AAF051F00CB7CF7 /* Security.framework */ = {isa = PBXFileReference; lastKnownFileType = wrapper.framework; name = Security.framework; path = System/Library/Frameworks/Security.framework; sourceTree = SDKROOT; };
		BF170DB012928DE900B8313A /* OpenGLES.framework */ = {isa = PBXFileReference; lastKnownFileType = wrapper.framework; name = OpenGLES.framework; path = System/Library/Frameworks/OpenGLES.framework; sourceTree = SDKROOT; };
		BF170DB412928DE900B8313A /* libz.dylib */ = {isa = PBXFileReference; lastKnownFileType = "compiled.mach-o.dylib"; name = libz.dylib; path = usr/lib/libz.dylib; sourceTree = SDKROOT; };
		BF1C47EA1293683800B63C5D /* QuartzCore.framework */ = {isa = PBXFileReference; lastKnownFileType = wrapper.framework; name = QuartzCore.framework; path = System/Library/Frameworks/QuartzCore.framework; sourceTree = SDKROOT; };
		D44C620B132DFF330009C878 /* OpenAL.framework */ = {isa = PBXFileReference; lastKnownFileType = wrapper.framework; name = OpenAL.framework; path = System/Library/Frameworks/OpenAL.framework; sourceTree = SDKROOT; };
		D44C620D132DFF430009C878 /* AVFoundation.framework */ = {isa = PBXFileReference; lastKnownFileType = wrapper.framework; name = AVFoundation.framework; path = System/Library/Frameworks/AVFoundation.framework; sourceTree = SDKROOT; };
		D44C620F132DFF4E0009C878 /* AudioToolbox.framework */ = {isa = PBXFileReference; lastKnownFileType = wrapper.framework; name = AudioToolbox.framework; path = System/Library/Frameworks/AudioToolbox.framework; sourceTree = SDKROOT; };
		D6B0611A1803AB670077942B /* CoreMotion.framework */ = {isa = PBXFileReference; lastKnownFileType = wrapper.framework; name = CoreMotion.framework; path = Platforms/iPhoneOS.platform/Developer/SDKs/iPhoneOS7.0.sdk/System/Library/Frameworks/CoreMotion.framework; sourceTree = DEVELOPER_DIR; };
		ED545A7B1B68A1F400C3958E /* libiconv.dylib */ = {isa = PBXFileReference; lastKnownFileType = "compiled.mach-o.dylib"; name = libiconv.dylib; path = Platforms/iPhoneOS.platform/Developer/SDKs/iPhoneOS8.4.sdk/usr/lib/libiconv.dylib; sourceTree = DEVELOPER_DIR; };
		ED545A7D1B68A1FA00C3958E /* libiconv.dylib */ = {isa = PBXFileReference; lastKnownFileType = "compiled.mach-o.dylib"; name = libiconv.dylib; path = usr/lib/libiconv.dylib; sourceTree = SDKROOT; };
/* End PBXFileReference section */

/* Begin PBXFrameworksBuildPhase section */
		1D60588F0D05DD3D006BFB54 /* Frameworks */ = {
			isa = PBXFrameworksBuildPhase;
			buildActionMask = 2147483647;
			files = (
				ED545A7C1B68A1F400C3958E /* libiconv.dylib in Frameworks */,
				52B47A471A53D09C004E4C60 /* Security.framework in Frameworks */,
				1AC6FB30180E99EB004C840B /* libcocos2d iOS.a in Frameworks */,
				D6B0611B1803AB670077942B /* CoreMotion.framework in Frameworks */,
				1D60589F0D05DD5A006BFB54 /* Foundation.framework in Frameworks */,
				1DF5F4E00D08C38300B7A737 /* UIKit.framework in Frameworks */,
				288765A50DF7441C002DB57D /* CoreGraphics.framework in Frameworks */,
				BF171245129291EC00B8313A /* OpenGLES.framework in Frameworks */,
				BF1712471292920000B8313A /* libz.dylib in Frameworks */,
				BF1C47F01293687400B63C5D /* QuartzCore.framework in Frameworks */,
				D44C620C132DFF330009C878 /* OpenAL.framework in Frameworks */,
				D44C620E132DFF430009C878 /* AVFoundation.framework in Frameworks */,
				D44C6210132DFF4E0009C878 /* AudioToolbox.framework in Frameworks */,
			);
			runOnlyForDeploymentPostprocessing = 0;
		};
		5087E75C17EB910900C73F5D /* Frameworks */ = {
			isa = PBXFrameworksBuildPhase;
			buildActionMask = 2147483647;
			files = (
				ED545A7E1B68A1FA00C3958E /* libiconv.dylib in Frameworks */,
				1AC6FB21180E996B004C840B /* libcocos2d Mac.a in Frameworks */,
				5087E76717EB910900C73F5D /* libz.dylib in Frameworks */,
				8262943E1AAF051F00CB7CF7 /* Security.framework in Frameworks */,
				503AE11B17EB9C5A00D1A890 /* IOKit.framework in Frameworks */,
				5087E78B17EB975400C73F5D /* OpenGL.framework in Frameworks */,
				5087E78917EB974C00C73F5D /* AppKit.framework in Frameworks */,
				5087E76317EB910900C73F5D /* Foundation.framework in Frameworks */,
				5087E76817EB910900C73F5D /* QuartzCore.framework in Frameworks */,
				5087E76917EB910900C73F5D /* OpenAL.framework in Frameworks */,
				5087E76A17EB910900C73F5D /* AVFoundation.framework in Frameworks */,
				5087E76B17EB910900C73F5D /* AudioToolbox.framework in Frameworks */,
			);
			runOnlyForDeploymentPostprocessing = 0;
		};
/* End PBXFrameworksBuildPhase section */

/* Begin PBXGroup section */
		080E96DDFE201D6D7F000001 /* ios */ = {
			isa = PBXGroup;
			children = (
				5087E77117EB970100C73F5D /* Icons */,
				503AE0FA17EB989F00D1A890 /* AppController.h */,
				503AE0FB17EB989F00D1A890 /* AppController.mm */,
				503AE0FC17EB989F00D1A890 /* main.m */,
				503AE0FD17EB989F00D1A890 /* Prefix.pch */,
				503AE0FE17EB989F00D1A890 /* RootViewController.h */,
				503AE0FF17EB989F00D1A890 /* RootViewController.mm */,
			);
			name = ios;
			path = Classes;
			sourceTree = "<group>";
		};
		19C28FACFE9D520D11CA2CBB /* Products */ = {
			isa = PBXGroup;
			children = (
				1D6058910D05DD3D006BFB54 /* xiaomxx-mobile.app */,
				5087E76F17EB910900C73F5D /* xiaomxx-desktop.app */,
			);
			name = Products;
			sourceTree = "<group>";
		};
		1AC6FAE6180E9839004C840B /* Products */ = {
			isa = PBXGroup;
			children = (
				1AC6FAF9180E9839004C840B /* libcocos2d Mac.a */,
				1AC6FB07180E9839004C840B /* libcocos2d iOS.a */,
			);
			name = Products;
			sourceTree = "<group>";
		};
		29B97314FDCFA39411CA2CEA /* CustomTemplate */ = {
			isa = PBXGroup;
			children = (
				46880B8319C43A87006E1F66 /* Classes */,
				46880B7519C43A67006E1F66 /* Resources */,
				1AC6FAE5180E9839004C840B /* cocos2d_libs.xcodeproj */,
				29B97323FDCFA39411CA2CEA /* Frameworks */,
				080E96DDFE201D6D7F000001 /* ios */,
				503AE10617EB990700D1A890 /* mac */,
				19C28FACFE9D520D11CA2CBB /* Products */,
			);
			name = CustomTemplate;
			sourceTree = "<group>";
		};
		29B97323FDCFA39411CA2CEA /* Frameworks */ = {
			isa = PBXGroup;
			children = (
				ED545A7D1B68A1FA00C3958E /* libiconv.dylib */,
				ED545A7B1B68A1F400C3958E /* libiconv.dylib */,
				8262943D1AAF051F00CB7CF7 /* Security.framework */,
				52B47A461A53D09B004E4C60 /* Security.framework */,
				D6B0611A1803AB670077942B /* CoreMotion.framework */,
				503AE11A17EB9C5A00D1A890 /* IOKit.framework */,
				503AE11117EB99EE00D1A890 /* libcurl.dylib */,
				5087E78A17EB975400C73F5D /* OpenGL.framework */,
				5087E78817EB974C00C73F5D /* AppKit.framework */,
				1ACB3243164770DE00914215 /* libcurl.a */,
				BF170DB412928DE900B8313A /* libz.dylib */,
				D44C620F132DFF4E0009C878 /* AudioToolbox.framework */,
				D44C620D132DFF430009C878 /* AVFoundation.framework */,
				288765A40DF7441C002DB57D /* CoreGraphics.framework */,
				1D30AB110D05D00D00671497 /* Foundation.framework */,
				D44C620B132DFF330009C878 /* OpenAL.framework */,
				BF170DB012928DE900B8313A /* OpenGLES.framework */,
				BF1C47EA1293683800B63C5D /* QuartzCore.framework */,
				1DF5F4DF0D08C38300B7A737 /* UIKit.framework */,
			);
			name = Frameworks;
			sourceTree = "<group>";
		};
		46880B7519C43A67006E1F66 /* Resources */ = {
			isa = PBXGroup;
			children = (
				0004B78F1C9D31D200CC705D /* music.ogg */,
				0004B7901C9D31D200CC705D /* star.png */,
				0004B7911C9D31D200CC705D /* sound_on.png */,
				0004B7921C9D31D200CC705D /* menu_continue2.png */,
				0004B7931C9D31D200CC705D /* menu_money.png */,
				0004B7941C9D31D200CC705D /* menu_lingjiang.png */,
				0004B7951C9D31D200CC705D /* click_1.png */,
				0004B7961C9D31D200CC705D /* menu_about.png */,
				0004B7971C9D31D200CC705D /* bg_mainscene.jpg */,
				0004B7981C9D31D200CC705D /* bg_menuscene_yj.png */,
				0004B7991C9D31D200CC705D /* bg_menuscene_zx.png */,
				0004B79A1C9D31D200CC705D /* bg_menuscene_zx2014.png */,
				0004B79B1C9D31D200CC705D /* bg_menuscene.jpg */,
				0004B79C1C9D31D200CC705D /* blue_heart.png */,
				0004B79D1C9D31D200CC705D /* coin_add.png */,
				0004B79E1C9D31D200CC705D /* combo_1.png */,
				0004B79F1C9D31D200CC705D /* combo_2.png */,
				0004B7A01C9D31D200CC705D /* combo_3.png */,
				0004B7A11C9D31D200CC705D /* Dialog_bg.png */,
				0004B7A21C9D31D200CC705D /* Dialog_bg2.png */,
				0004B7A31C9D31D200CC705D /* Dialog_Item.png */,
				0004B7A41C9D31D200CC705D /* Dialog_Item2.png */,
				0004B7A51C9D31D200CC705D /* Dialog_Title.png */,
				0004B7A61C9D31D200CC705D /* diamond.png */,
				0004B7A71C9D31D200CC705D /* feedata.xml */,
				0004B7A81C9D31D200CC705D /* fireworks.png */,
				0004B7A91C9D31D200CC705D /* GameOver.png */,
				0004B7AA1C9D31D200CC705D /* green_heart.png */,
				0004B7AB1C9D31D200CC705D /* Help_1.png */,
				0004B7AC1C9D31D200CC705D /* Help_2.png */,
				0004B7AD1C9D31D200CC705D /* Item_pause.png */,
				0004B7AE1C9D31D200CC705D /* menu_CDKEY.png */,
				0004B7AF1C9D31D200CC705D /* menu_continue.png */,
				0004B7B01C9D31D200CC705D /* menu_continuegame.png */,
				0004B7B11C9D31D200CC705D /* menu_help.png */,
				0004B7B21C9D31D200CC705D /* menu_moregame.png */,
				0004B7B31C9D31D200CC705D /* menu_shop.png */,
				0004B7B41C9D31D200CC705D /* menu_sound_off.png */,
				0004B7B51C9D31D200CC705D /* menu_Text.png */,
				0004B7B61C9D31D200CC705D /* MrDu_choujiang1.png */,
				0004B7B71C9D31D200CC705D /* MrDu_choujiang2.png */,
				0004B7B81C9D31D200CC705D /* MrDu.png */,
				0004B7B91C9D31D200CC705D /* new.png */,
				0004B7BA1C9D31D200CC705D /* orange_heart.png */,
				0004B7BB1C9D31D200CC705D /* paint_arrow.png */,
				0004B7BC1C9D31D200CC705D /* paint_back.png */,
				0004B7BD1C9D31D200CC705D /* paint_bg.png */,
				0004B7BE1C9D31D200CC705D /* Pause.png */,
				0004B7BF1C9D31D200CC705D /* Props_Bomb.png */,
				0004B7C01C9D31D200CC705D /* Props_Paint.png */,
				0004B7C11C9D31D200CC705D /* Props_Rainbow.png */,
				0004B7C21C9D31D200CC705D /* purple_heart.png */,
				0004B7C31C9D31D200CC705D /* red_heart.png */,
				0004B7C41C9D31D200CC705D /* Shop_Onece.png */,
				0004B7C51C9D31D200CC705D /* stage_clear.png */,
				0004B7C61C9D31D200CC705D /* Title_CDKEY.png */,
				0004B7C71C9D31D200CC705D /* Title_choujiang.png */,
				0004B7C81C9D31D200CC705D /* Title_Help.png */,
				0004B7C91C9D31D200CC705D /* Title_OneceShop.png */,
				0004B7CA1C9D31D200CC705D /* Title_Pause.png */,
				0004B7CB1C9D31D200CC705D /* Title_QuickShop.png */,
				0004B7CC1C9D31D200CC705D /* Title_shop.png */,
				0004B7CD1C9D31D200CC705D /* zengsong.png */,
				0004B7CE1C9D31D200CC705D /* Cancel.png */,
				0004B7CF1C9D31D200CC705D /* click_2.png */,
				0004B7D01C9D31D200CC705D /* menu_lingqu.png */,
				0004B7D11C9D31D200CC705D /* menu_sound_on.png */,
				0004B7D21C9D31D200CC705D /* menu_start.png */,
				0004B7D31C9D31D200CC705D /* menu_top.png */,
				0004B7D41C9D31D200CC705D /* green.png */,
				0004B7D51C9D31D200CC705D /* orange.png */,
				0004B7D61C9D31D200CC705D /* red.png */,
				0004B7D71C9D31D200CC705D /* purple.png */,
				0004B7D81C9D31D200CC705D /* blue.png */,
				0004B7D91C9D31D200CC705D /* ChineseWords.xml */,
				0004B7DA1C9D31D200CC705D /* fonts */,
				0004B7DB1C9D31D200CC705D /* Music */,
				521A8EA819F11F5000D177D7 /* fonts */,
				46880B7619C43A67006E1F66 /* CloseNormal.png */,
				46880B7719C43A67006E1F66 /* CloseSelected.png */,
				46880B7A19C43A67006E1F66 /* HelloWorld.png */,
			);
			name = Resources;
			path = ../Resources;
			sourceTree = "<group>";
		};
		46880B8319C43A87006E1F66 /* Classes */ = {
			isa = PBXGroup;
			children = (
				46880B8419C43A87006E1F66 /* AppDelegate.cpp */,
				46880B8519C43A87006E1F66 /* AppDelegate.h */,
				0004B7761C9D31BD00CC705D /* Audio.cpp */,
				0004B7771C9D31BD00CC705D /* Audio.h */,
				0004B7671C9D31BD00CC705D /* Chinese.cpp */,
				0004B77E1C9D31BE00CC705D /* Chinese.h */,
				0004B7731C9D31BD00CC705D /* ComboEffect.cpp */,
				0004B7741C9D31BD00CC705D /* ComboEffect.h */,
				0004B76C1C9D31BD00CC705D /* FloatWord.cpp */,
				0004B76B1C9D31BD00CC705D /* FloatWord.h */,
				0004B7701C9D31BD00CC705D /* GameData.cpp */,
				0004B76F1C9D31BD00CC705D /* GameData.h */,
				0004B77D1C9D31BD00CC705D /* GameLayer.cpp */,
				0004B76E1C9D31BD00CC705D /* GameLayer.h */,
				0004B7781C9D31BD00CC705D /* GameScene.cpp */,
				0004B7621C9D31BD00CC705D /* GameScene.h */,
				46880B8619C43A87006E1F66 /* HelloWorldScene.cpp */,
				46880B8719C43A87006E1F66 /* HelloWorldScene.h */,
				0004B7601C9D31BD00CC705D /* LayerChangeUtil.cpp */,
				0004B7641C9D31BD00CC705D /* LevelMsgLayer.cpp */,
				0004B7631C9D31BD00CC705D /* LevelMsgLayer.h */,
				0004B77B1C9D31BD00CC705D /* MenuLayer.cpp */,
				0004B77A1C9D31BD00CC705D /* MenuLayer.h */,
				0004B7791C9D31BD00CC705D /* MenuScene.cpp */,
				0004B7611C9D31BD00CC705D /* MenuScene.h */,
				0004B7681C9D31BD00CC705D /* Star.cpp */,
				0004B7691C9D31BD00CC705D /* Star.h */,
				0004B7751C9D31BD00CC705D /* StarMatrix.cpp */,
				0004B76D1C9D31BD00CC705D /* StarMatrix.h */,
				0004B7721C9D31BD00CC705D /* StarParticle.cpp */,
				0004B7711C9D31BD00CC705D /* StarParticle.h */,
				0004B77C1C9D31BD00CC705D /* TopMenu.cpp */,
				0004B76A1C9D31BD00CC705D /* TopMenu.h */,
				0004B7661C9D31BD00CC705D /* XMLParser.cpp */,
				0004B7651C9D31BD00CC705D /* XMLParser.h */,
			);
			name = Classes;
			path = ../Classes;
			sourceTree = "<group>";
		};
		503AE0F517EB97AB00D1A890 /* Icons */ = {
			isa = PBXGroup;
			children = (
				503AE0F617EB97AB00D1A890 /* Icon.icns */,
				503AE0F717EB97AB00D1A890 /* Info.plist */,
			);
			name = Icons;
			path = mac;
			sourceTree = SOURCE_ROOT;
		};
		503AE10617EB990700D1A890 /* mac */ = {
			isa = PBXGroup;
			children = (
				503AE0F517EB97AB00D1A890 /* Icons */,
				503AE10317EB98FF00D1A890 /* main.cpp */,
				503AE10417EB98FF00D1A890 /* Prefix.pch */,
			);
			name = mac;
			sourceTree = "<group>";
		};
		5087E77117EB970100C73F5D /* Icons */ = {
			isa = PBXGroup;
			children = (
				521A8E6219F0C34300D177D7 /* Default-667h@2x.png */,
				521A8E6319F0C34300D177D7 /* Default-736h@3x.png */,
				5087E77217EB970100C73F5D /* Default-568h@2x.png */,
				5087E77317EB970100C73F5D /* Default.png */,
				5087E77417EB970100C73F5D /* Default@2x.png */,
				50EF62A017ECD613001EB2F8 /* Icon-29.png */,
				50EF62A117ECD613001EB2F8 /* Icon-50.png */,
				50EF629217ECD46A001EB2F8 /* Icon-40.png */,
				50EF629317ECD46A001EB2F8 /* Icon-58.png */,
				50EF629417ECD46A001EB2F8 /* Icon-80.png */,
				50EF629517ECD46A001EB2F8 /* Icon-100.png */,
				5087E77517EB970100C73F5D /* Icon-114.png */,
				5087E77617EB970100C73F5D /* Icon-120.png */,
				5087E77717EB970100C73F5D /* Icon-144.png */,
				5087E77817EB970100C73F5D /* Icon-152.png */,
				5087E77917EB970100C73F5D /* Icon-57.png */,
				5087E77A17EB970100C73F5D /* Icon-72.png */,
				5087E77B17EB970100C73F5D /* Icon-76.png */,
				5087E77C17EB970100C73F5D /* Info.plist */,
			);
			name = Icons;
			path = ios;
			sourceTree = SOURCE_ROOT;
		};
/* End PBXGroup section */

/* Begin PBXNativeTarget section */
		1D6058900D05DD3D006BFB54 /* xiaomxx-mobile */ = {
			isa = PBXNativeTarget;
			buildConfigurationList = 1D6058960D05DD3E006BFB54 /* Build configuration list for PBXNativeTarget "xiaomxx-mobile" */;
			buildPhases = (
				1D60588D0D05DD3D006BFB54 /* Resources */,
				1D60588E0D05DD3D006BFB54 /* Sources */,
				1D60588F0D05DD3D006BFB54 /* Frameworks */,
			);
			buildRules = (
			);
			dependencies = (
				1AC6FB25180E99E1004C840B /* PBXTargetDependency */,
			);
			name = "xiaomxx-mobile";
			productName = iphone;
			productReference = 1D6058910D05DD3D006BFB54 /* xiaomxx-mobile.app */;
			productType = "com.apple.product-type.application";
		};
		5087E73D17EB910900C73F5D /* xiaomxx-desktop */ = {
			isa = PBXNativeTarget;
			buildConfigurationList = 5087E76C17EB910900C73F5D /* Build configuration list for PBXNativeTarget "xiaomxx-desktop" */;
			buildPhases = (
				5087E74817EB910900C73F5D /* Resources */,
				5087E75617EB910900C73F5D /* Sources */,
				5087E75C17EB910900C73F5D /* Frameworks */,
			);
			buildRules = (
			);
			dependencies = (
				1AC6FB16180E9959004C840B /* PBXTargetDependency */,
			);
			name = "xiaomxx-desktop";
			productName = iphone;
			productReference = 5087E76F17EB910900C73F5D /* xiaomxx-desktop.app */;
			productType = "com.apple.product-type.application";
		};
/* End PBXNativeTarget section */

/* Begin PBXProject section */
		29B97313FDCFA39411CA2CEA /* Project object */ = {
			isa = PBXProject;
			attributes = {
				LastUpgradeCheck = 0500;
			};
			buildConfigurationList = C01FCF4E08A954540054247B /* Build configuration list for PBXProject "xiaomxx" */;
			compatibilityVersion = "Xcode 3.2";
			developmentRegion = English;
			hasScannedForEncodings = 1;
			knownRegions = (
				English,
				Japanese,
				French,
				German,
			);
			mainGroup = 29B97314FDCFA39411CA2CEA /* CustomTemplate */;
			projectDirPath = "";
			projectReferences = (
				{
					ProductGroup = 1AC6FAE6180E9839004C840B /* Products */;
					ProjectRef = 1AC6FAE5180E9839004C840B /* cocos2d_libs.xcodeproj */;
				},
			);
			projectRoot = "";
			targets = (
				1D6058900D05DD3D006BFB54 /* xiaomxx-mobile */,
				5087E73D17EB910900C73F5D /* xiaomxx-desktop */,
			);
		};
/* End PBXProject section */

/* Begin PBXReferenceProxy section */
		1AC6FAF9180E9839004C840B /* libcocos2d Mac.a */ = {
			isa = PBXReferenceProxy;
			fileType = archive.ar;
			path = "libcocos2d Mac.a";
			remoteRef = 1AC6FAF8180E9839004C840B /* PBXContainerItemProxy */;
			sourceTree = BUILT_PRODUCTS_DIR;
		};
		1AC6FB07180E9839004C840B /* libcocos2d iOS.a */ = {
			isa = PBXReferenceProxy;
			fileType = archive.ar;
			path = "libcocos2d iOS.a";
			remoteRef = 1AC6FB06180E9839004C840B /* PBXContainerItemProxy */;
			sourceTree = BUILT_PRODUCTS_DIR;
		};
/* End PBXReferenceProxy section */

/* Begin PBXResourcesBuildPhase section */
		1D60588D0D05DD3D006BFB54 /* Resources */ = {
			isa = PBXResourcesBuildPhase;
			buildActionMask = 2147483647;
			files = (
				0004B8281C9D31D200CC705D /* Music in Resources */,
				0004B7FA1C9D31D200CC705D /* Item_pause.png in Resources */,
				0004B8211C9D31D200CC705D /* green.png in Resources */,
				0004B7F31C9D31D200CC705D /* diamond.png in Resources */,
				0004B8031C9D31D200CC705D /* MrDu_choujiang1.png in Resources */,
				0004B7FE1C9D31D200CC705D /* menu_help.png in Resources */,
				0004B8141C9D31D200CC705D /* Title_choujiang.png in Resources */,
				0004B7F21C9D31D200CC705D /* Dialog_Title.png in Resources */,
				0004B8091C9D31D200CC705D /* paint_back.png in Resources */,
				0004B8181C9D31D200CC705D /* Title_QuickShop.png in Resources */,
				0004B7EA1C9D31D200CC705D /* coin_add.png in Resources */,
				0004B7FF1C9D31D200CC705D /* menu_moregame.png in Resources */,
				5087E78117EB970100C73F5D /* Icon-120.png in Resources */,
				5087E78617EB970100C73F5D /* Icon-76.png in Resources */,
				0004B7F11C9D31D200CC705D /* Dialog_Item2.png in Resources */,
				5087E77F17EB970100C73F5D /* Default@2x.png in Resources */,
				0004B8231C9D31D200CC705D /* red.png in Resources */,
				50EF629917ECD46A001EB2F8 /* Icon-100.png in Resources */,
				0004B8071C9D31D200CC705D /* orange_heart.png in Resources */,
				0004B8171C9D31D200CC705D /* Title_Pause.png in Resources */,
				0004B7EF1C9D31D200CC705D /* Dialog_bg2.png in Resources */,
				5087E78317EB970100C73F5D /* Icon-152.png in Resources */,
				0004B7DD1C9D31D200CC705D /* star.png in Resources */,
				0004B81E1C9D31D200CC705D /* menu_sound_on.png in Resources */,
				0004B80D1C9D31D200CC705D /* Props_Paint.png in Resources */,
				0004B81B1C9D31D200CC705D /* Cancel.png in Resources */,
				0004B7E31C9D31D200CC705D /* menu_about.png in Resources */,
				0004B7F51C9D31D200CC705D /* fireworks.png in Resources */,
				0004B8041C9D31D200CC705D /* MrDu_choujiang2.png in Resources */,
				0004B7ED1C9D31D200CC705D /* combo_3.png in Resources */,
				0004B7DC1C9D31D200CC705D /* music.ogg in Resources */,
				0004B7E01C9D31D200CC705D /* menu_money.png in Resources */,
				0004B80F1C9D31D200CC705D /* purple_heart.png in Resources */,
				0004B8241C9D31D200CC705D /* purple.png in Resources */,
				0004B8081C9D31D200CC705D /* paint_arrow.png in Resources */,
				0004B8151C9D31D200CC705D /* Title_Help.png in Resources */,
				0004B8251C9D31D200CC705D /* blue.png in Resources */,
				0004B80A1C9D31D200CC705D /* paint_bg.png in Resources */,
				0004B7F71C9D31D200CC705D /* green_heart.png in Resources */,
				46880B8119C43A67006E1F66 /* HelloWorld.png in Resources */,
				0004B81F1C9D31D200CC705D /* menu_start.png in Resources */,
				0004B8131C9D31D200CC705D /* Title_CDKEY.png in Resources */,
				0004B7FD1C9D31D200CC705D /* menu_continuegame.png in Resources */,
				0004B7EC1C9D31D200CC705D /* combo_2.png in Resources */,
				46880B7D19C43A67006E1F66 /* CloseSelected.png in Resources */,
				5087E77D17EB970100C73F5D /* Default-568h@2x.png in Resources */,
				0004B8021C9D31D200CC705D /* menu_Text.png in Resources */,
				5087E78517EB970100C73F5D /* Icon-72.png in Resources */,
				0004B80C1C9D31D200CC705D /* Props_Bomb.png in Resources */,
				0004B7E81C9D31D200CC705D /* bg_menuscene.jpg in Resources */,
				0004B80B1C9D31D200CC705D /* Pause.png in Resources */,
				0004B81C1C9D31D200CC705D /* click_2.png in Resources */,
				521A8E6519F0C34300D177D7 /* Default-736h@3x.png in Resources */,
				0004B8191C9D31D200CC705D /* Title_shop.png in Resources */,
				0004B8221C9D31D200CC705D /* orange.png in Resources */,
				521A8EA919F11F5000D177D7 /* fonts in Resources */,
				50EF62A317ECD613001EB2F8 /* Icon-50.png in Resources */,
				5087E78017EB970100C73F5D /* Icon-114.png in Resources */,
				0004B8201C9D31D200CC705D /* menu_top.png in Resources */,
				50EF62A217ECD613001EB2F8 /* Icon-29.png in Resources */,
				0004B7DF1C9D31D200CC705D /* menu_continue2.png in Resources */,
				0004B7E61C9D31D200CC705D /* bg_menuscene_zx.png in Resources */,
				0004B7E51C9D31D200CC705D /* bg_menuscene_yj.png in Resources */,
				0004B7F81C9D31D200CC705D /* Help_1.png in Resources */,
				0004B7E71C9D31D200CC705D /* bg_menuscene_zx2014.png in Resources */,
				0004B8121C9D31D200CC705D /* stage_clear.png in Resources */,
				0004B8161C9D31D200CC705D /* Title_OneceShop.png in Resources */,
				0004B7EB1C9D31D200CC705D /* combo_1.png in Resources */,
				0004B7FC1C9D31D200CC705D /* menu_continue.png in Resources */,
				0004B81A1C9D31D200CC705D /* zengsong.png in Resources */,
				0004B7F61C9D31D200CC705D /* GameOver.png in Resources */,
				50EF629617ECD46A001EB2F8 /* Icon-40.png in Resources */,
				0004B7EE1C9D31D200CC705D /* Dialog_bg.png in Resources */,
				0004B7DE1C9D31D200CC705D /* sound_on.png in Resources */,
				0004B8271C9D31D200CC705D /* fonts in Resources */,
				5087E78217EB970100C73F5D /* Icon-144.png in Resources */,
				0004B8011C9D31D200CC705D /* menu_sound_off.png in Resources */,
				0004B7E41C9D31D200CC705D /* bg_mainscene.jpg in Resources */,
				50EF629817ECD46A001EB2F8 /* Icon-80.png in Resources */,
				5087E78417EB970100C73F5D /* Icon-57.png in Resources */,
				0004B8051C9D31D200CC705D /* MrDu.png in Resources */,
				0004B8001C9D31D200CC705D /* menu_shop.png in Resources */,
				0004B7E21C9D31D200CC705D /* click_1.png in Resources */,
				0004B8261C9D31D200CC705D /* ChineseWords.xml in Resources */,
				0004B7F91C9D31D200CC705D /* Help_2.png in Resources */,
				0004B8061C9D31D200CC705D /* new.png in Resources */,
				0004B8111C9D31D200CC705D /* Shop_Onece.png in Resources */,
				0004B7FB1C9D31D200CC705D /* menu_CDKEY.png in Resources */,
				5087E77E17EB970100C73F5D /* Default.png in Resources */,
				0004B7E11C9D31D200CC705D /* menu_lingjiang.png in Resources */,
				0004B8101C9D31D200CC705D /* red_heart.png in Resources */,
				0004B7F01C9D31D200CC705D /* Dialog_Item.png in Resources */,
				0004B80E1C9D31D200CC705D /* Props_Rainbow.png in Resources */,
				0004B7E91C9D31D200CC705D /* blue_heart.png in Resources */,
				0004B7F41C9D31D200CC705D /* feedata.xml in Resources */,
				521A8E6419F0C34300D177D7 /* Default-667h@2x.png in Resources */,
				46880B7B19C43A67006E1F66 /* CloseNormal.png in Resources */,
				0004B81D1C9D31D200CC705D /* menu_lingqu.png in Resources */,
				50EF629717ECD46A001EB2F8 /* Icon-58.png in Resources */,
			);
			runOnlyForDeploymentPostprocessing = 0;
		};
		5087E74817EB910900C73F5D /* Resources */ = {
			isa = PBXResourcesBuildPhase;
			buildActionMask = 2147483647;
			files = (
				46880B8219C43A67006E1F66 /* HelloWorld.png in Resources */,
				503AE0F817EB97AB00D1A890 /* Icon.icns in Resources */,
				521A8EAA19F11F5000D177D7 /* fonts in Resources */,
				46880B7C19C43A67006E1F66 /* CloseNormal.png in Resources */,
				46880B7E19C43A67006E1F66 /* CloseSelected.png in Resources */,
			);
			runOnlyForDeploymentPostprocessing = 0;
		};
/* End PBXResourcesBuildPhase section */

/* Begin PBXSourcesBuildPhase section */
		1D60588E0D05DD3D006BFB54 /* Sources */ = {
			isa = PBXSourcesBuildPhase;
			buildActionMask = 2147483647;
			files = (
				46880B8819C43A87006E1F66 /* AppDelegate.cpp in Sources */,
				0004B7851C9D31BE00CC705D /* GameData.cpp in Sources */,
				0004B78A1C9D31BE00CC705D /* GameScene.cpp in Sources */,
				46880B8A19C43A87006E1F66 /* HelloWorldScene.cpp in Sources */,
				0004B78D1C9D31BE00CC705D /* TopMenu.cpp in Sources */,
				0004B78E1C9D31BE00CC705D /* GameLayer.cpp in Sources */,
				0004B7801C9D31BE00CC705D /* LevelMsgLayer.cpp in Sources */,
				503AE10017EB989F00D1A890 /* AppController.mm in Sources */,
				0004B7871C9D31BE00CC705D /* ComboEffect.cpp in Sources */,
				0004B78B1C9D31BE00CC705D /* MenuScene.cpp in Sources */,
				0004B7861C9D31BE00CC705D /* StarParticle.cpp in Sources */,
				0004B7811C9D31BE00CC705D /* XMLParser.cpp in Sources */,
				0004B78C1C9D31BE00CC705D /* MenuLayer.cpp in Sources */,
				0004B7821C9D31BE00CC705D /* Chinese.cpp in Sources */,
				503AE10217EB989F00D1A890 /* RootViewController.mm in Sources */,
				503AE10117EB989F00D1A890 /* main.m in Sources */,
				0004B7841C9D31BE00CC705D /* FloatWord.cpp in Sources */,
				0004B7891C9D31BE00CC705D /* Audio.cpp in Sources */,
				0004B77F1C9D31BE00CC705D /* LayerChangeUtil.cpp in Sources */,
				0004B7831C9D31BE00CC705D /* Star.cpp in Sources */,
				0004B7881C9D31BE00CC705D /* StarMatrix.cpp in Sources */,
			);
			runOnlyForDeploymentPostprocessing = 0;
		};
		5087E75617EB910900C73F5D /* Sources */ = {
			isa = PBXSourcesBuildPhase;
			buildActionMask = 2147483647;
			files = (
				46880B8919C43A87006E1F66 /* AppDelegate.cpp in Sources */,
				503AE10517EB98FF00D1A890 /* main.cpp in Sources */,
				46880B8B19C43A87006E1F66 /* HelloWorldScene.cpp in Sources */,
			);
			runOnlyForDeploymentPostprocessing = 0;
		};
/* End PBXSourcesBuildPhase section */

/* Begin PBXTargetDependency section */
		1AC6FB16180E9959004C840B /* PBXTargetDependency */ = {
			isa = PBXTargetDependency;
			name = "cocos2dx Mac";
			targetProxy = 1AC6FB15180E9959004C840B /* PBXContainerItemProxy */;
		};
		1AC6FB25180E99E1004C840B /* PBXTargetDependency */ = {
			isa = PBXTargetDependency;
			name = "cocos2dx iOS";
			targetProxy = 1AC6FB24180E99E1004C840B /* PBXContainerItemProxy */;
		};
/* End PBXTargetDependency section */

/* Begin XCBuildConfiguration section */
		1D6058940D05DD3E006BFB54 /* Debug */ = {
			isa = XCBuildConfiguration;
			buildSettings = {
				ALWAYS_SEARCH_USER_PATHS = YES;
				CODE_SIGN_IDENTITY = "iPhone Developer";
				COMPRESS_PNG_FILES = NO;
				ENABLE_BITCODE = NO;
				GCC_DYNAMIC_NO_PIC = NO;
				GCC_INLINES_ARE_PRIVATE_EXTERN = NO;
				GCC_PRECOMPILE_PREFIX_HEADER = YES;
				GCC_PREFIX_HEADER = ios/Prefix.pch;
				GCC_PREPROCESSOR_DEFINITIONS = (
					USE_FILE32API,
					CC_TARGET_OS_IPHONE,
					"COCOS2D_DEBUG=1",
					"CC_ENABLE_CHIPMUNK_INTEGRATION=1",
				);
				GCC_SYMBOLS_PRIVATE_EXTERN = NO;
				HEADER_SEARCH_PATHS = (
					"$(inherited)",
					"$(SRCROOT)/../cocos2d/cocos/platform/ios",
					"$(SRCROOT)/../cocos2d/cocos/platform/ios/Simulation",
				);
				INFOPLIST_FILE = ios/Info.plist;
				IPHONEOS_DEPLOYMENT_TARGET = 5.0;
				LIBRARY_SEARCH_PATHS = "";
				OTHER_LDFLAGS = (
					"$(_COCOS_LIB_IOS_BEGIN)",
					"$(_COCOS_LIB_IOS_END)",
				);
				SDKROOT = iphoneos;
				TARGETED_DEVICE_FAMILY = "1,2";
				USER_HEADER_SEARCH_PATHS = "$(_COCOS_HEADER_IOS_BEGIN) $(_COCOS_HEADER_IOS_END)";
				VALID_ARCHS = "arm64 armv7";
			};
			name = Debug;
		};
		1D6058950D05DD3E006BFB54 /* Release */ = {
			isa = XCBuildConfiguration;
			buildSettings = {
				ALWAYS_SEARCH_USER_PATHS = YES;
				CODE_SIGN_IDENTITY = "iPhone Developer";
				COMPRESS_PNG_FILES = NO;
				ENABLE_BITCODE = NO;
				GCC_INLINES_ARE_PRIVATE_EXTERN = NO;
				GCC_PRECOMPILE_PREFIX_HEADER = YES;
				GCC_PREFIX_HEADER = ios/Prefix.pch;
				GCC_PREPROCESSOR_DEFINITIONS = (
					USE_FILE32API,
					CC_TARGET_OS_IPHONE,
					"CC_ENABLE_CHIPMUNK_INTEGRATION=1",
				);
				GCC_SYMBOLS_PRIVATE_EXTERN = NO;
				HEADER_SEARCH_PATHS = (
					"$(inherited)",
					"$(SRCROOT)/../cocos2d/cocos/platform/ios",
					"$(SRCROOT)/../cocos2d/cocos/platform/ios/Simulation",
				);
				INFOPLIST_FILE = ios/Info.plist;
				IPHONEOS_DEPLOYMENT_TARGET = 5.0;
				LIBRARY_SEARCH_PATHS = "";
				OTHER_LDFLAGS = (
					"$(_COCOS_LIB_IOS_BEGIN)",
					"$(_COCOS_LIB_IOS_END)",
				);
				SDKROOT = iphoneos;
				TARGETED_DEVICE_FAMILY = "1,2";
				USER_HEADER_SEARCH_PATHS = "$(_COCOS_HEADER_IOS_BEGIN) $(_COCOS_HEADER_IOS_END)";
				VALID_ARCHS = "arm64 armv7";
			};
			name = Release;
		};
		5087E76D17EB910900C73F5D /* Debug */ = {
			isa = XCBuildConfiguration;
			buildSettings = {
				ALWAYS_SEARCH_USER_PATHS = YES;
				ARCHS = "$(ARCHS_STANDARD_64_BIT)";
				CLANG_CXX_LANGUAGE_STANDARD = "c++0x";
				CLANG_CXX_LIBRARY = "libc++";
				GCC_DYNAMIC_NO_PIC = NO;
				GCC_INLINES_ARE_PRIVATE_EXTERN = NO;
				GCC_PRECOMPILE_PREFIX_HEADER = YES;
				GCC_PREFIX_HEADER = mac/Prefix.pch;
				GCC_PREPROCESSOR_DEFINITIONS = (
					USE_FILE32API,
					CC_TARGET_OS_MAC,
					"COCOS2D_DEBUG=1",
					"CC_ENABLE_CHIPMUNK_INTEGRATION=1",
				);
				GCC_SYMBOLS_PRIVATE_EXTERN = NO;
				HEADER_SEARCH_PATHS = (
					"$(inherited)",
					"$(SRCROOT)/../cocos2d/cocos/platform/mac",
					"$(SRCROOT)/../cocos2d/external/glfw3/include/mac",
				);
				INFOPLIST_FILE = mac/Info.plist;
				LIBRARY_SEARCH_PATHS = "";
				OTHER_LDFLAGS = (
					"$(_COCOS_LIB_MAC_BEGIN)",
					"$(_COCOS_LIB_MAC_END)",
				);
				USER_HEADER_SEARCH_PATHS = "$(_COCOS_HEADER_MAC_BEGIN) $(_COCOS_HEADER_MAC_END)";
			};
			name = Debug;
		};
		5087E76E17EB910900C73F5D /* Release */ = {
			isa = XCBuildConfiguration;
			buildSettings = {
				ALWAYS_SEARCH_USER_PATHS = YES;
				ARCHS = "$(ARCHS_STANDARD_64_BIT)";
				CLANG_CXX_LANGUAGE_STANDARD = "c++0x";
				CLANG_CXX_LIBRARY = "libc++";
				GCC_INLINES_ARE_PRIVATE_EXTERN = NO;
				GCC_PRECOMPILE_PREFIX_HEADER = YES;
				GCC_PREFIX_HEADER = mac/Prefix.pch;
				GCC_PREPROCESSOR_DEFINITIONS = (
					USE_FILE32API,
					CC_TARGET_OS_MAC,
					"CC_ENABLE_CHIPMUNK_INTEGRATION=1",
				);
				GCC_SYMBOLS_PRIVATE_EXTERN = NO;
				HEADER_SEARCH_PATHS = (
					"$(inherited)",
					"$(SRCROOT)/../cocos2d/cocos/platform/mac",
					"$(SRCROOT)/../cocos2d/external/glfw3/include/mac",
				);
				INFOPLIST_FILE = mac/Info.plist;
				LIBRARY_SEARCH_PATHS = "";
				OTHER_LDFLAGS = (
					"$(_COCOS_LIB_MAC_BEGIN)",
					"$(_COCOS_LIB_MAC_END)",
				);
				USER_HEADER_SEARCH_PATHS = "$(_COCOS_HEADER_MAC_BEGIN) $(_COCOS_HEADER_MAC_END)";
			};
			name = Release;
		};
		C01FCF4F08A954540054247B /* Debug */ = {
			isa = XCBuildConfiguration;
			buildSettings = {
				CLANG_CXX_LANGUAGE_STANDARD = "c++0x";
				CLANG_CXX_LIBRARY = "libc++";
				COPY_PHASE_STRIP = NO;
				GCC_OPTIMIZATION_LEVEL = 0;
				GCC_WARN_ABOUT_RETURN_TYPE = YES;
				GCC_WARN_UNUSED_VARIABLE = YES;
				HEADER_SEARCH_PATHS = (
					"$(SRCROOT)/../cocos2d",
					"$(SRCROOT)/../cocos2d/cocos",
					"$(SRCROOT)/../cocos2d/cocos/base",
					"$(SRCROOT)/../cocos2d/cocos/physics",
					"$(SRCROOT)/../cocos2d/cocos/math",
					"$(SRCROOT)/../cocos2d/cocos/2d",
					"$(SRCROOT)/../cocos2d/cocos/ui",
					"$(SRCROOT)/../cocos2d/cocos/network",
					"$(SRCROOT)/../cocos2d/cocos/audio/include",
					"$(SRCROOT)/../cocos2d/cocos/editor-support",
					"$(SRCROOT)/../cocos2d/extensions",
					"$(SRCROOT)/../cocos2d/external",
					"$(SRCROOT)/../cocos2d/external/chipmunk/include/chipmunk",
				);
				MACOSX_DEPLOYMENT_TARGET = 10.7;
				ONLY_ACTIVE_ARCH = YES;
				PRODUCT_NAME = "$(TARGET_NAME)";
				SDKROOT = macosx;
			};
			name = Debug;
		};
		C01FCF5008A954540054247B /* Release */ = {
			isa = XCBuildConfiguration;
			buildSettings = {
				CLANG_CXX_LANGUAGE_STANDARD = "c++0x";
				CLANG_CXX_LIBRARY = "libc++";
				GCC_WARN_ABOUT_RETURN_TYPE = YES;
				GCC_WARN_UNUSED_VARIABLE = YES;
				HEADER_SEARCH_PATHS = (
					"$(SRCROOT)/../cocos2d",
					"$(SRCROOT)/../cocos2d/cocos",
					"$(SRCROOT)/../cocos2d/cocos/base",
					"$(SRCROOT)/../cocos2d/cocos/physics",
					"$(SRCROOT)/../cocos2d/cocos/math",
					"$(SRCROOT)/../cocos2d/cocos/2d",
					"$(SRCROOT)/../cocos2d/cocos/ui",
					"$(SRCROOT)/../cocos2d/cocos/network",
					"$(SRCROOT)/../cocos2d/cocos/audio/include",
					"$(SRCROOT)/../cocos2d/cocos/editor-support",
					"$(SRCROOT)/../cocos2d/extensions",
					"$(SRCROOT)/../cocos2d/external",
					"$(SRCROOT)/../cocos2d/external/chipmunk/include/chipmunk",
				);
				MACOSX_DEPLOYMENT_TARGET = 10.7;
				OTHER_CFLAGS = "-DNS_BLOCK_ASSERTIONS=1";
				PRODUCT_NAME = "$(TARGET_NAME)";
				SDKROOT = macosx;
				VALIDATE_PRODUCT = YES;
			};
			name = Release;
		};
/* End XCBuildConfiguration section */

/* Begin XCConfigurationList section */
		1D6058960D05DD3E006BFB54 /* Build configuration list for PBXNativeTarget "xiaomxx-mobile" */ = {
			isa = XCConfigurationList;
			buildConfigurations = (
				1D6058940D05DD3E006BFB54 /* Debug */,
				1D6058950D05DD3E006BFB54 /* Release */,
			);
			defaultConfigurationIsVisible = 0;
			defaultConfigurationName = Debug;
		};
		5087E76C17EB910900C73F5D /* Build configuration list for PBXNativeTarget "xiaomxx-desktop" */ = {
			isa = XCConfigurationList;
			buildConfigurations = (
				5087E76D17EB910900C73F5D /* Debug */,
				5087E76E17EB910900C73F5D /* Release */,
			);
			defaultConfigurationIsVisible = 0;
			defaultConfigurationName = Debug;
		};
		C01FCF4E08A954540054247B /* Build configuration list for PBXProject "xiaomxx" */ = {
			isa = XCConfigurationList;
			buildConfigurations = (
				C01FCF4F08A954540054247B /* Debug */,
				C01FCF5008A954540054247B /* Release */,
			);
			defaultConfigurationIsVisible = 0;
			defaultConfigurationName = Debug;
		};
/* End XCConfigurationList section */
	};
	rootObject = 29B97313FDCFA39411CA2CEA /* Project object */;
}
